<?xml version="1.0" encoding="utf-8"?>
<Project ToolsVersion="4.0" xmlns="http://schemas.microsoft.com/developer/msbuild/2003">
  <ItemGroup>
    <Filter Include="Source Files">
      <UniqueIdentifier>{4FC737F1-C7A5-4376-A066-2A32D752A2FF}</UniqueIdentifier>
      <Extensions>cpp;c;cxx;def;odl;idl;hpj;bat;asm;asmx</Extensions>
    </Filter>
    <Filter Include="Source Files\portvideo">
      <UniqueIdentifier>{6f55194b-5516-4d48-a8d5-8f717a5c7434}</UniqueIdentifier>
    </Filter>
    <Filter Include="Source Files\libfidtrack">
      <UniqueIdentifier>{d6745c06-e997-4a00-9793-0a864af6da91}</UniqueIdentifier>
    </Filter>
    <Filter Include="Source Files\oscpack">
      <UniqueIdentifier>{edae634e-9d5c-4570-9742-81a400e9f847}</UniqueIdentifier>
    </Filter>
    <Filter Include="Source Files\tinyxml">
      <UniqueIdentifier>{b71606fd-c388-4219-a46c-c19f4cadb7af}</UniqueIdentifier>
    </Filter>
    <Filter Include="Header Files">
      <UniqueIdentifier>{93995380-89BD-4b04-88EB-625FBE52EBFB}</UniqueIdentifier>
      <Extensions>h;hpp;hxx;hm;inl;inc;xsd</Extensions>
    </Filter>
    <Filter Include="Header Files\portvideo">
      <UniqueIdentifier>{508b7d00-358d-4931-b160-427994ef7644}</UniqueIdentifier>
    </Filter>
    <Filter Include="Header Files\oscpack">
      <UniqueIdentifier>{95b06b5a-00f0-445a-b58e-e5102fdd3fd8}</UniqueIdentifier>
    </Filter>
    <Filter Include="Header Files\libfidtrack">
      <UniqueIdentifier>{ac11bf9b-296a-4c64-b3f3-c7b283390d77}</UniqueIdentifier>
    </Filter>
    <Filter Include="Header Files\tinyxml">
      <UniqueIdentifier>{bff1ea5b-65f7-4bcf-a303-074636ab146b}</UniqueIdentifier>
    </Filter>
    <Filter Include="Resource Files">
      <UniqueIdentifier>{67DA6AB6-F800-4c08-8B7A-83BB121AAD01}</UniqueIdentifier>
      <Extensions>rc;ico;cur;bmp;dlg;rc2;rct;bin;rgs;gif;jpg;jpeg;jpe;resx</Extensions>
    </Filter>
    <Filter Include="Header Files\tuio">
      <UniqueIdentifier>{47413c9b-a18b-4cf0-97cc-12bf90eee163}</UniqueIdentifier>
    </Filter>
    <Filter Include="Source Files\tuio">
      <UniqueIdentifier>{fd14068f-cd06-46de-ad27-4060e815bcb1}</UniqueIdentifier>
    </Filter>
  </ItemGroup>
  <ItemGroup>
    <ClCompile Include="..\common\CalibrationEngine.cpp">
      <Filter>Source Files</Filter>
    </ClCompile>
    <ClCompile Include="..\common\CalibrationGrid.cpp">
      <Filter>Source Files</Filter>
    </ClCompile>
    <ClCompile Include="..\common\FidtrackFinder.cpp">
      <Filter>Source Files</Filter>
    </ClCompile>
    <ClCompile Include="..\common\FiducialFinder.cpp">
      <Filter>Source Files</Filter>
    </ClCompile>
    <ClCompile Include="..\common\FrameThresholder.cpp">
      <Filter>Source Files</Filter>
    </ClCompile>
    <ClCompile Include="..\common\Main.cpp">
      <Filter>Source Files</Filter>
    </ClCompile>
    <ClCompile Include="..\ext\libfidtrack\dump_graph.c">
      <Filter>Source Files\libfidtrack</Filter>
    </ClCompile>
    <ClCompile Include="..\ext\libfidtrack\fidtrackX.c">
      <Filter>Source Files\libfidtrack</Filter>
    </ClCompile>
    <ClCompile Include="..\ext\libfidtrack\segment.c">
      <Filter>Source Files\libfidtrack</Filter>
    </ClCompile>
    <ClCompile Include="..\ext\libfidtrack\tiled_bernsen_threshold.c">
      <Filter>Source Files\libfidtrack</Filter>
    </ClCompile>
    <ClCompile Include="..\ext\libfidtrack\topologysearch.c">
      <Filter>Source Files\libfidtrack</Filter>
    </ClCompile>
    <ClCompile Include="..\ext\libfidtrack\treeidmap.cpp">
      <Filter>Source Files\libfidtrack</Filter>
    </ClCompile>
    <ClCompile Include="..\ext\oscpack\ip\IpEndpointName.cpp">
      <Filter>Source Files\oscpack</Filter>
    </ClCompile>
    <ClCompile Include="..\ext\oscpack\ip\win32\NetworkingUtils.cpp">
      <Filter>Source Files\oscpack</Filter>
    </ClCompile>
    <ClCompile Include="..\ext\oscpack\osc\OscOutboundPacketStream.cpp">
      <Filter>Source Files\oscpack</Filter>
    </ClCompile>
    <ClCompile Include="..\ext\oscpack\osc\OscPrintReceivedElements.cpp">
      <Filter>Source Files\oscpack</Filter>
    </ClCompile>
    <ClCompile Include="..\ext\oscpack\osc\OscReceivedElements.cpp">
      <Filter>Source Files\oscpack</Filter>
    </ClCompile>
    <ClCompile Include="..\ext\oscpack\osc\OscTypes.cpp">
      <Filter>Source Files\oscpack</Filter>
    </ClCompile>
    <ClCompile Include="..\ext\oscpack\ip\win32\UdpSocket.cpp">
      <Filter>Source Files\oscpack</Filter>
    </ClCompile>
    <ClCompile Include="..\ext\portvideo\common\CameraTool.cpp">
      <Filter>Source Files\portvideo</Filter>
    </ClCompile>
    <ClCompile Include="..\ext\portvideo\common\CameraEngine.cpp">
      <Filter>Source Files\portvideo</Filter>
    </ClCompile>
    <ClCompile Include="..\ext\portvideo\common\FileCamera.cpp">
      <Filter>Source Files\portvideo</Filter>
    </ClCompile>
    <ClCompile Include="..\ext\portvideo\common\FolderCamera.cpp">
      <Filter>Source Files\portvideo</Filter>
    </ClCompile>
    <ClCompile Include="..\ext\portvideo\interface\Resources.c">
      <Filter>Source Files\portvideo</Filter>
    </ClCompile>
    <ClCompile Include="..\ext\portvideo\common\RingBuffer.cpp">
      <Filter>Source Files\portvideo</Filter>
    </ClCompile>
    <ClCompile Include="..\ext\portvideo\interface\SDLinterface.cpp">
      <Filter>Source Files\portvideo</Filter>
    </ClCompile>
    <ClCompile Include="..\ext\portvideo\windows\videoInputCamera.cpp">
      <Filter>Source Files\portvideo</Filter>
    </ClCompile>
    <ClCompile Include="..\ext\portvideo\tinyxml\tinyxml2.cpp">
      <Filter>Source Files\tinyxml</Filter>
    </ClCompile>
    <ClCompile Include="..\ext\portvideo\common\VisionEngine.cpp">
      <Filter>Source Files\portvideo</Filter>
    </ClCompile>
    <ClCompile Include="..\common\BlobMatrix.cpp">
      <Filter>Source Files</Filter>
    </ClCompile>
    <ClCompile Include="..\common\BlobObject.cpp">
      <Filter>Source Files</Filter>
    </ClCompile>
    <ClCompile Include="..\ext\tuio\FlashSender.cpp">
      <Filter>Source Files\tuio</Filter>
    </ClCompile>
    <ClCompile Include="..\ext\tuio\OneEuroFilter.cpp">
      <Filter>Source Files\tuio</Filter>
    </ClCompile>
    <ClCompile Include="..\ext\tuio\TcpSender.cpp">
      <Filter>Source Files\tuio</Filter>
    </ClCompile>
    <ClCompile Include="..\ext\tuio\TuioBlob.cpp">
      <Filter>Source Files\tuio</Filter>
    </ClCompile>
    <ClCompile Include="..\ext\tuio\TuioContainer.cpp">
      <Filter>Source Files\tuio</Filter>
    </ClCompile>
    <ClCompile Include="..\ext\tuio\TuioCursor.cpp">
      <Filter>Source Files\tuio</Filter>
    </ClCompile>
    <ClCompile Include="..\ext\tuio\TuioDispatcher.cpp">
      <Filter>Source Files\tuio</Filter>
    </ClCompile>
    <ClCompile Include="..\ext\tuio\TuioManager.cpp">
      <Filter>Source Files\tuio</Filter>
    </ClCompile>
    <ClCompile Include="..\ext\tuio\TuioObject.cpp">
      <Filter>Source Files\tuio</Filter>
    </ClCompile>
    <ClCompile Include="..\ext\tuio\TuioPoint.cpp">
      <Filter>Source Files\tuio</Filter>
    </ClCompile>
    <ClCompile Include="..\ext\tuio\TuioServer.cpp">
      <Filter>Source Files\tuio</Filter>
    </ClCompile>
    <ClCompile Include="..\ext\tuio\TuioTime.cpp">
      <Filter>Source Files\tuio</Filter>
    </ClCompile>
    <ClCompile Include="..\ext\tuio\UdpSender.cpp">
      <Filter>Source Files\tuio</Filter>
    </ClCompile>
    <ClCompile Include="..\ext\tuio\WebSockSender.cpp">
      <Filter>Source Files\tuio</Filter>
    </ClCompile>
    <ClCompile Include="..\ext\portvideo\common\ConsoleInterface.cpp">
      <Filter>Source Files\portvideo</Filter>
    </ClCompile>
    <ClCompile Include="..\ext\portvideo\ps3eye\ps3eye.cpp">
      <Filter>Source Files\portvideo</Filter>
    </ClCompile>
    <ClCompile Include="..\ext\portvideo\ps3eye\PS3EyeCamera.cpp">
      <Filter>Source Files\portvideo</Filter>
    </ClCompile>
  </ItemGroup>
  <ItemGroup>
    <ClInclude Include="..\common\CalibrationEngine.h">
      <Filter>Header Files</Filter>
    </ClInclude>
    <ClInclude Include="..\common\CalibrationGrid.h">
      <Filter>Header Files</Filter>
    </ClInclude>
    <ClInclude Include="..\common\FidtrackFinder.h">
      <Filter>Header Files</Filter>
    </ClInclude>
    <ClInclude Include="..\common\FiducialFinder.h">
      <Filter>Header Files</Filter>
    </ClInclude>
    <ClInclude Include="..\common\FiducialObject.h">
      <Filter>Header Files</Filter>
    </ClInclude>
    <ClInclude Include="..\common\FrameThresholder.h">
      <Filter>Header Files</Filter>
    </ClInclude>
    <ClInclude Include="..\ext\oscpack\ip\IpEndpointName.h">
      <Filter>Header Files\oscpack</Filter>
    </ClInclude>
    <ClInclude Include="..\ext\oscpack\osc\MessageMappingOscPacketListener.h">
      <Filter>Header Files\oscpack</Filter>
    </ClInclude>
    <ClInclude Include="..\ext\oscpack\ip\NetworkingUtils.h">
      <Filter>Header Files\oscpack</Filter>
    </ClInclude>
    <ClInclude Include="..\ext\oscpack\osc\OscException.h">
      <Filter>Header Files\oscpack</Filter>
    </ClInclude>
    <ClInclude Include="..\ext\oscpack\osc\OscHostEndianness.h">
      <Filter>Header Files\oscpack</Filter>
    </ClInclude>
    <ClInclude Include="..\ext\oscpack\osc\OscOutboundPacketStream.h">
      <Filter>Header Files\oscpack</Filter>
    </ClInclude>
    <ClInclude Include="..\ext\oscpack\osc\OscPacketListener.h">
      <Filter>Header Files\oscpack</Filter>
    </ClInclude>
    <ClInclude Include="..\ext\oscpack\osc\OscPrintReceivedElements.h">
      <Filter>Header Files\oscpack</Filter>
    </ClInclude>
    <ClInclude Include="..\ext\oscpack\osc\OscReceivedElements.h">
      <Filter>Header Files\oscpack</Filter>
    </ClInclude>
    <ClInclude Include="..\ext\oscpack\osc\OscTypes.h">
      <Filter>Header Files\oscpack</Filter>
    </ClInclude>
    <ClInclude Include="..\ext\oscpack\ip\PacketListener.h">
      <Filter>Header Files\oscpack</Filter>
    </ClInclude>
    <ClInclude Include="..\ext\oscpack\ip\TimerListener.h">
      <Filter>Header Files\oscpack</Filter>
    </ClInclude>
    <ClInclude Include="..\ext\oscpack\ip\UdpSocket.h">
      <Filter>Header Files\oscpack</Filter>
    </ClInclude>
    <ClInclude Include="..\ext\libfidtrack\default_trees.h">
      <Filter>Header Files\libfidtrack</Filter>
    </ClInclude>
    <ClInclude Include="..\ext\libfidtrack\dump_graph.h">
      <Filter>Header Files\libfidtrack</Filter>
    </ClInclude>
    <ClInclude Include="..\ext\libfidtrack\fidtrackX.h">
      <Filter>Header Files\libfidtrack</Filter>
    </ClInclude>
    <ClInclude Include="..\ext\libfidtrack\floatpoint.h">
      <Filter>Header Files\libfidtrack</Filter>
    </ClInclude>
    <ClInclude Include="..\ext\libfidtrack\segment.h">
      <Filter>Header Files\libfidtrack</Filter>
    </ClInclude>
    <ClInclude Include="..\ext\libfidtrack\tiled_bernsen_threshold.h">
      <Filter>Header Files\libfidtrack</Filter>
    </ClInclude>
    <ClInclude Include="..\ext\libfidtrack\topologysearch.h">
      <Filter>Header Files\libfidtrack</Filter>
    </ClInclude>
    <ClInclude Include="..\ext\libfidtrack\treeidmap.h">
      <Filter>Header Files\libfidtrack</Filter>
    </ClInclude>
    <ClInclude Include="..\ext\portvideo\common\CameraEngine.h">
      <Filter>Header Files\portvideo</Filter>
    </ClInclude>
    <ClInclude Include="..\ext\portvideo\common\CameraTool.h">
      <Filter>Header Files\portvideo</Filter>
    </ClInclude>
    <ClInclude Include="..\ext\portvideo\common\FolderCamera.h">
      <Filter>Header Files\portvideo</Filter>
    </ClInclude>
    <ClInclude Include="..\ext\portvideo\interface\Resources.h">
      <Filter>Header Files\portvideo</Filter>
    </ClInclude>
    <ClInclude Include="..\ext\portvideo\common\RingBuffer.h">
      <Filter>Header Files\portvideo</Filter>
    </ClInclude>
    <ClInclude Include="..\ext\portvideo\interface\SDLinterface.h">
      <Filter>Header Files\portvideo</Filter>
    </ClInclude>
    <ClInclude Include="..\ext\portvideo\windows\videoInputCamera.h">
      <Filter>Header Files\portvideo</Filter>
    </ClInclude>
    <ClInclude Include="..\ext\portvideo\common\FileCamera.h">
      <Filter>Header Files\portvideo</Filter>
    </ClInclude>
    <ClInclude Include="..\ext\portvideo\common\FrameProcessor.h">
      <Filter>Header Files\portvideo</Filter>
    </ClInclude>
    <ClInclude Include="..\ext\portvideo\tinyxml\tinyxml2.h">
      <Filter>Header Files\tinyxml</Filter>
    </ClInclude>
    <ClInclude Include="..\ext\portvideo\common\UserInterface.h">
      <Filter>Header Files\portvideo</Filter>
    </ClInclude>
    <ClInclude Include="..\ext\portvideo\common\VisionEngine.h">
      <Filter>Header Files\portvideo</Filter>
    </ClInclude>
    <ClInclude Include="..\common\BlobMatrix.h">
      <Filter>Header Files</Filter>
    </ClInclude>
    <ClInclude Include="..\common\BlobObject.h">
      <Filter>Header Files</Filter>
    </ClInclude>
    <ClInclude Include="..\common\Main.h">
      <Filter>Header Files</Filter>
    </ClInclude>
    <ClInclude Include="..\ext\tuio\FlashSender.h">
      <Filter>Header Files\tuio</Filter>
    </ClInclude>
    <ClInclude Include="..\ext\tuio\LibExport.h">
      <Filter>Header Files\tuio</Filter>
    </ClInclude>
    <ClInclude Include="..\ext\tuio\OneEuroFilter.h">
      <Filter>Header Files\tuio</Filter>
    </ClInclude>
    <ClInclude Include="..\ext\tuio\OscSender.h">
      <Filter>Header Files\tuio</Filter>
    </ClInclude>
    <ClInclude Include="..\ext\tuio\TcpSender.h">
      <Filter>Header Files\tuio</Filter>
    </ClInclude>
    <ClInclude Include="..\ext\tuio\TuioBlob.h">
      <Filter>Header Files\tuio</Filter>
    </ClInclude>
    <ClInclude Include="..\ext\tuio\TuioContainer.h">
      <Filter>Header Files\tuio</Filter>
    </ClInclude>
    <ClInclude Include="..\ext\tuio\TuioCursor.h">
      <Filter>Header Files\tuio</Filter>
    </ClInclude>
    <ClInclude Include="..\ext\tuio\TuioDispatcher.h">
      <Filter>Header Files\tuio</Filter>
    </ClInclude>
    <ClInclude Include="..\ext\tuio\TuioListener.h">
      <Filter>Header Files\tuio</Filter>
    </ClInclude>
    <ClInclude Include="..\ext\tuio\TuioManager.h">
      <Filter>Header Files\tuio</Filter>
    </ClInclude>
    <ClInclude Include="..\ext\tuio\TuioObject.h">
      <Filter>Header Files\tuio</Filter>
    </ClInclude>
    <ClInclude Include="..\ext\tuio\TuioPoint.h">
      <Filter>Header Files\tuio</Filter>
    </ClInclude>
    <ClInclude Include="..\ext\tuio\TuioServer.h">
      <Filter>Header Files\tuio</Filter>
    </ClInclude>
    <ClInclude Include="..\ext\tuio\TuioTime.h">
      <Filter>Header Files\tuio</Filter>
    </ClInclude>
    <ClInclude Include="..\ext\tuio\UdpSender.h">
      <Filter>Header Files\tuio</Filter>
    </ClInclude>
    <ClInclude Include="..\ext\tuio\WebSockSender.h">
      <Filter>Header Files\tuio</Filter>
    </ClInclude>
    <ClInclude Include="..\ext\portvideo\common\ConsoleInterface.h">
      <Filter>Header Files\portvideo</Filter>
    </ClInclude>
    <ClInclude Include="..\ext\portvideo\ps3eye\ps3eye.h">
      <Filter>Header Files\portvideo</Filter>
    </ClInclude>
    <ClInclude Include="..\ext\portvideo\ps3eye\PS3EyeCamera.h">
      <Filter>Header Files\portvideo</Filter>
    </ClInclude>
  </ItemGroup>
  <ItemGroup>
    <Xml Include="camera.xml">
      <Filter>Resource Files</Filter>
    </Xml>
    <Xml Include="reacTIVision.xml">
      <Filter>Resource Files</Filter>
    </Xml>
  </ItemGroup>
  <ItemGroup>
    <Image Include="reacTIVision.ico">
      <Filter>Resource Files</Filter>
    </Image>
  </ItemGroup>
  <ItemGroup>
    <ResourceCompile Include="reacTIVision.rc">
      <Filter>Resource Files</Filter>
    </ResourceCompile>
  </ItemGroup>
</Project>