<?xml version="1.0" encoding="utf-8"?>
<Project ToolsVersion="4.0" xmlns="http://schemas.microsoft.com/developer/msbuild/2003">
  <ItemGroup>
    <Filter Include="Source Files">
      <UniqueIdentifier>{4FC737F1-C7A5-4376-A066-2A32D752A2FF}</UniqueIdentifier>
      <Extensions>cpp;c;cxx;def;odl;idl;hpj;bat;asm;asmx</Extensions>
    </Filter>
    <Filter Include="Source Files\portvideo">
      <UniqueIdentifier>{6f55194b-5516-4d48-a8d5-8f717a5c7434}</UniqueIdentifier>
    </Filter>
    <Filter Include="Source Files\tinyxml">
      <UniqueIdentifier>{b71606fd-c388-4219-a46c-c19f4cadb7af}</UniqueIdentifier>
    </Filter>
    <Filter Include="Header Files">
      <UniqueIdentifier>{93995380-89BD-4b04-88EB-625FBE52EBFB}</UniqueIdentifier>
      <Extensions>h;hpp;hxx;hm;inl;inc;xsd</Extensions>
    </Filter>
    <Filter Include="Header Files\portvideo">
      <UniqueIdentifier>{508b7d00-358d-4931-b160-427994ef7644}</UniqueIdentifier>
    </Filter>
    <Filter Include="Header Files\tinyxml">
      <UniqueIdentifier>{bff1ea5b-65f7-4bcf-a303-074636ab146b}</UniqueIdentifier>
    </Filter>
    <Filter Include="Resource Files">
      <UniqueIdentifier>{67DA6AB6-F800-4c08-8B7A-83BB121AAD01}</UniqueIdentifier>
      <Extensions>rc;ico;cur;bmp;dlg;rc2;rct;bin;rgs;gif;jpg;jpeg;jpe;resx</Extensions>
    </Filter>
  </ItemGroup>
  <ItemGroup>
    <ClCompile Include="..\sdldemo\FrameInverter.cpp">
      <Filter>Source Files</Filter>
    </ClCompile>
    <ClCompile Include="..\sdldemo\Main.cpp">
      <Filter>Source Files</Filter>
    </ClCompile>
    <ClCompile Include="..\common\FolderCamera.cpp">
      <Filter>Source Files\portvideo</Filter>
    </ClCompile>
    <ClCompile Include="..\common\CameraEngine.cpp">
      <Filter>Source Files\portvideo</Filter>
    </ClCompile>
    <ClCompile Include="..\common\CameraTool.cpp">
      <Filter>Source Files\portvideo</Filter>
    </ClCompile>
    <ClCompile Include="..\common\FileCamera.cpp">
      <Filter>Source Files\portvideo</Filter>
    </ClCompile>
    <ClCompile Include="..\interface\FontTool.cpp">
      <Filter>Source Files\portvideo</Filter>
    </ClCompile>
    <ClCompile Include="..\interface\Resources.c">
      <Filter>Source Files\portvideo</Filter>
    </ClCompile>
    <ClCompile Include="..\common\RingBuffer.cpp">
      <Filter>Source Files\portvideo</Filter>
    </ClCompile>
    <ClCompile Include="..\interface\SDLinterface.cpp">
      <Filter>Source Files\portvideo</Filter>
    </ClCompile>
    <ClCompile Include="..\interface\SFont.c">
      <Filter>Source Files\portvideo</Filter>
    </ClCompile>
    <ClCompile Include="..\..\tinyxml\tinystr.cpp">
      <Filter>Source Files\portvideo</Filter>
    </ClCompile>
    <ClCompile Include="..\..\tinyxml\tinyxml.cpp">
      <Filter>Source Files\portvideo</Filter>
    </ClCompile>
    <ClCompile Include="..\..\tinyxml\tinyxmlerror.cpp">
      <Filter>Source Files\portvideo</Filter>
    </ClCompile>
    <ClCompile Include="..\..\tinyxml\tinyxmlparser.cpp">
      <Filter>Source Files\portvideo</Filter>
    </ClCompile>
    <ClCompile Include=".\videoInputCamera.cpp">
      <Filter>Source Files\portvideo</Filter>
    </ClCompile>
  </ItemGroup>
  <ItemGroup>
    <ClInclude Include="..\sdldemo\Main.h">
      <Filter>Header Files</Filter>
    </ClInclude>
    <ClInclude Include="..\sdldemo\FrameInverter.h">
      <Filter>Header Files</Filter>
    </ClInclude>
    <ClInclude Include="..\common\CameraEngine.h">
      <Filter>Header Files\portvideo</Filter>
    </ClInclude>
    <ClInclude Include="..\common\CameraTool.h">
      <Filter>Header Files\portvideo</Filter>
    </ClInclude>
    <ClInclude Include="..\common\FileCamera.h">
      <Filter>Header Files\portvideo</Filter>
    </ClInclude>
    <ClInclude Include="..\common\FolderCamera.h">
      <Filter>Header Files\portvideo</Filter>
    </ClInclude>
    <ClInclude Include="..\interface\FontTool.h">
      <Filter>Header Files\portvideo</Filter>
    </ClInclude>
    <ClInclude Include="..\common\FrameProcessor.h">
      <Filter>Header Files\portvideo</Filter>
    </ClInclude>
    <ClInclude Include="..\interface\Resources.h">
      <Filter>Header Files\portvideo</Filter>
    </ClInclude>
    <ClInclude Include="..\common\RingBuffer.h">
      <Filter>Header Files\portvideo</Filter>
    </ClInclude>
    <ClInclude Include="..\interface\SDLinterface.h">
      <Filter>Header Files\portvideo</Filter>
    </ClInclude>
    <ClInclude Include="..\interface\SFont.h">
      <Filter>Header Files\portvideo</Filter>
    </ClInclude>
    <ClInclude Include="..\..\tinyxml\tinystr.h">
      <Filter>Header Files\portvideo</Filter>
    </ClInclude>
    <ClInclude Include="..\..\tinyxml\tinyxml.h">
      <Filter>Header Files\portvideo</Filter>
    </ClInclude>
    <ClInclude Include=".\videoInputCamera.h">
      <Filter>Header Files\portvideo</Filter>
    </ClInclude>
  </ItemGroup>
  <ItemGroup>
    <Xml Include="camera.xml">
      <Filter>Resource Files</Filter>
    </Xml>
    <Xml Include="portvideo.xml">
      <Filter>Resource Files</Filter>
    </Xml>
  </ItemGroup>
  <ItemGroup>
    <Image Include="SportVideo.ico">
      <Filter>Resource Files</Filter>
    </Image>
  </ItemGroup>
  <ItemGroup>
    <ResourceCompile Include="SportVideo.rc">
      <Filter>Resource Files</Filter>
    </ResourceCompile>
  </ItemGroup>
</Project>