// !$*UTF8*$!
{
	archiveVersion = 1;
	classes = {
	};
	objectVersion = 46;
	objects = {

/* Begin PBXBuildFile section */
		B200D5381B0CAEC400249D8B /* InfoPlist.strings in Resources */ = {isa = PBXBuildFile; fileRef = B200D5361B0CAEC400249D8B /* InfoPlist.strings */; };
		B200D5431B0D153F00249D8B /* VisionEngine.cpp in Sources */ = {isa = PBXBuildFile; fileRef = B200D5421B0D153F00249D8B /* VisionEngine.cpp */; };
		B200D55D1B0E52BB00249D8B /* tinyxml2.cpp in Sources */ = {isa = PBXBuildFile; fileRef = B200D55A1B0E52BB00249D8B /* tinyxml2.cpp */; };
		B21D89E50CE7A0FE003B810C /* FileCamera.cpp in Sources */ = {isa = PBXBuildFile; fileRef = B21D89E30CE7A0FE003B810C /* FileCamera.cpp */; };
		B21D8A0D0CE7A34A003B810C /* CameraEngine.cpp in Sources */ = {isa = PBXBuildFile; fileRef = B21D8A0C0CE7A34A003B810C /* CameraEngine.cpp */; };
		B239D6A50CC51682009708F3 /* DC1394Camera.cpp in Sources */ = {isa = PBXBuildFile; fileRef = B239D6A30CC51682009708F3 /* DC1394Camera.cpp */; };
		B24E06821B149B7800E42401 /* IOKit.framework in Frameworks */ = {isa = PBXBuildFile; fileRef = B24E06811B149B7800E42401 /* IOKit.framework */; };
		B24E06841B149B9300E42401 /* QTKit.framework in Frameworks */ = {isa = PBXBuildFile; fileRef = B24E06831B149B9300E42401 /* QTKit.framework */; };
		B24E06891B149C3600E42401 /* QTKitCamera.mm in Sources */ = {isa = PBXBuildFile; fileRef = B24E06861B149C3600E42401 /* QTKitCamera.mm */; };
		B24E068C1B14CAE900E42401 /* QuartzCore.framework in Frameworks */ = {isa = PBXBuildFile; fileRef = B24E068B1B14CAE900E42401 /* QuartzCore.framework */; };
		B24EA4F30015EB5000096D13 /* Cocoa.framework in Frameworks */ = {isa = PBXBuildFile; fileRef = B24EA4F20015EB5000096D13 /* Cocoa.framework */; };
		B260A1EF1B0A62310053F53D /* PS3EyeCamera.cpp in Sources */ = {isa = PBXBuildFile; fileRef = B260A1ED1B0A62310053F53D /* PS3EyeCamera.cpp */; };
		B260A1F21B0A624E0053F53D /* ps3eye.cpp in Sources */ = {isa = PBXBuildFile; fileRef = B260A1F01B0A624E0053F53D /* ps3eye.cpp */; };
		B27461A71C8DCD0F008FF7A3 /* libdc1394.a in Frameworks */ = {isa = PBXBuildFile; fileRef = B27461791C8DC6E8008FF7A3 /* libdc1394.a */; };
		B27461AF1C8DCEA0008FF7A3 /* libusb.a in Frameworks */ = {isa = PBXBuildFile; fileRef = B27461741C8DC6D5008FF7A3 /* libusb.a */; };
		B282A34D0CD756B500657CDA /* camera.xml in Resources */ = {isa = PBXBuildFile; fileRef = B282A34C0CD756B500657CDA /* camera.xml */; };
		B297D3B8097536E2004AB0FE /* SportVideo.icns in Resources */ = {isa = PBXBuildFile; fileRef = B260492208E9BF4B0095D4C8 /* SportVideo.icns */; };
		B297D3BE097536E2004AB0FE /* CameraTool.cpp in Sources */ = {isa = PBXBuildFile; fileRef = B2208511078AFC0A0047913B /* CameraTool.cpp */; };
		B297D3C0097536E2004AB0FE /* SDLinterface.cpp in Sources */ = {isa = PBXBuildFile; fileRef = B220851F078AFC4D0047913B /* SDLinterface.cpp */; };
		B297D3C1097536E2004AB0FE /* RingBuffer.cpp in Sources */ = {isa = PBXBuildFile; fileRef = B2208521078AFC4D0047913B /* RingBuffer.cpp */; };
		B297D3E2097536E2004AB0FE /* Main.cpp in Sources */ = {isa = PBXBuildFile; fileRef = B214E66E0959DA6F00A347C1 /* Main.cpp */; };
		B29AE05C1B0A95050046E462 /* FrameInverter.cpp in Sources */ = {isa = PBXBuildFile; fileRef = B29AE05A1B0A95050046E462 /* FrameInverter.cpp */; };
		B29AE05E1B0A999C0046E462 /* portvideo.xml in Resources */ = {isa = PBXBuildFile; fileRef = B29AE05D1B0A999C0046E462 /* portvideo.xml */; };
		B2A621111B2DBC5400BC724D /* ConsoleInterface.cpp in Sources */ = {isa = PBXBuildFile; fileRef = B2A6210F1B2DBC5400BC724D /* ConsoleInterface.cpp */; };
		B2DEC9D919F65354006CAD09 /* SDL2.framework in Frameworks */ = {isa = PBXBuildFile; fileRef = B2DEC9D819F65354006CAD09 /* SDL2.framework */; };
		B2DEC9DA19F65370006CAD09 /* SDL2.framework in Copy Frameworks Into .app Bundle */ = {isa = PBXBuildFile; fileRef = B2DEC9D819F65354006CAD09 /* SDL2.framework */; settings = {ATTRIBUTES = (RemoveHeadersOnCopy, ); }; };
		B2E644160D6C39EC0000ABD0 /* FolderCamera.cpp in Sources */ = {isa = PBXBuildFile; fileRef = B2E644140D6C39EC0000ABD0 /* FolderCamera.cpp */; };
		B2F024E10975394D00538C36 /* Resources.c in Sources */ = {isa = PBXBuildFile; fileRef = B2F024DD0975394D00538C36 /* Resources.c */; };
/* End PBXBuildFile section */

/* Begin PBXCopyFilesBuildPhase section */
		B2E7620A0DD39B19008A46C0 /* Copy Frameworks Into .app Bundle */ = {
			isa = PBXCopyFilesBuildPhase;
			buildActionMask = 2147483647;
			dstPath = "";
			dstSubfolderSpec = 10;
			files = (
				B2DEC9DA19F65370006CAD09 /* SDL2.framework in Copy Frameworks Into .app Bundle */,
			);
			name = "Copy Frameworks Into .app Bundle";
			runOnlyForDeploymentPostprocessing = 0;
		};
/* End PBXCopyFilesBuildPhase section */

/* Begin PBXFileReference section */
		B200D5371B0CAEC400249D8B /* English */ = {isa = PBXFileReference; fileEncoding = 10; lastKnownFileType = text.plist.strings; name = English; path = InfoPlist.strings; sourceTree = "<group>"; };
		B200D5421B0D153F00249D8B /* VisionEngine.cpp */ = {isa = PBXFileReference; explicitFileType = sourcecode.cpp.objcpp; fileEncoding = 4; name = VisionEngine.cpp; path = ../common/VisionEngine.cpp; sourceTree = "<group>"; };
		B200D5441B0D154B00249D8B /* VisionEngine.h */ = {isa = PBXFileReference; fileEncoding = 4; lastKnownFileType = sourcecode.c.h; name = VisionEngine.h; path = ../common/VisionEngine.h; sourceTree = "<group>"; };
		B200D5451B0E12BA00249D8B /* UserInterface.h */ = {isa = PBXFileReference; explicitFileType = sourcecode.cpp.h; fileEncoding = 4; name = UserInterface.h; path = ../common/UserInterface.h; sourceTree = "<group>"; };
		B200D55A1B0E52BB00249D8B /* tinyxml2.cpp */ = {isa = PBXFileReference; fileEncoding = 4; lastKnownFileType = sourcecode.cpp.cpp; path = tinyxml2.cpp; sourceTree = "<group>"; };
		B200D55B1B0E52BB00249D8B /* tinyxml2.h */ = {isa = PBXFileReference; fileEncoding = 4; lastKnownFileType = sourcecode.c.h; path = tinyxml2.h; sourceTree = "<group>"; };
		B214E66E0959DA6F00A347C1 /* Main.cpp */ = {isa = PBXFileReference; explicitFileType = sourcecode.cpp.objcpp; fileEncoding = 30; name = Main.cpp; path = ../sdldemo/Main.cpp; sourceTree = SOURCE_ROOT; };
		B21D89E30CE7A0FE003B810C /* FileCamera.cpp */ = {isa = PBXFileReference; fileEncoding = 4; lastKnownFileType = sourcecode.cpp.cpp; name = FileCamera.cpp; path = ../common/FileCamera.cpp; sourceTree = SOURCE_ROOT; };
		B21D89E40CE7A0FE003B810C /* FileCamera.h */ = {isa = PBXFileReference; fileEncoding = 4; lastKnownFileType = sourcecode.c.h; name = FileCamera.h; path = ../common/FileCamera.h; sourceTree = SOURCE_ROOT; };
		B21D8A0C0CE7A34A003B810C /* CameraEngine.cpp */ = {isa = PBXFileReference; explicitFileType = sourcecode.cpp.objcpp; fileEncoding = 4; name = CameraEngine.cpp; path = ../common/CameraEngine.cpp; sourceTree = SOURCE_ROOT; };
		B2208511078AFC0A0047913B /* CameraTool.cpp */ = {isa = PBXFileReference; explicitFileType = sourcecode.cpp.objcpp; fileEncoding = 30; name = CameraTool.cpp; path = ../common/CameraTool.cpp; sourceTree = SOURCE_ROOT; };
		B2208512078AFC0A0047913B /* CameraTool.h */ = {isa = PBXFileReference; explicitFileType = sourcecode.cpp.objcpp; fileEncoding = 30; name = CameraTool.h; path = ../common/CameraTool.h; sourceTree = SOURCE_ROOT; };
		B220851B078AFC3D0047913B /* FrameProcessor.h */ = {isa = PBXFileReference; explicitFileType = sourcecode.cpp.h; fileEncoding = 30; name = FrameProcessor.h; path = ../common/FrameProcessor.h; sourceTree = SOURCE_ROOT; };
		B220851F078AFC4D0047913B /* SDLinterface.cpp */ = {isa = PBXFileReference; explicitFileType = sourcecode.cpp.objcpp; fileEncoding = 30; name = SDLinterface.cpp; path = ../interface/SDLinterface.cpp; sourceTree = SOURCE_ROOT; };
		B2208520078AFC4D0047913B /* SDLinterface.h */ = {isa = PBXFileReference; fileEncoding = 30; lastKnownFileType = sourcecode.c.h; name = SDLinterface.h; path = ../interface/SDLinterface.h; sourceTree = SOURCE_ROOT; };
		B2208521078AFC4D0047913B /* RingBuffer.cpp */ = {isa = PBXFileReference; fileEncoding = 30; lastKnownFileType = sourcecode.cpp.cpp; name = RingBuffer.cpp; path = ../common/RingBuffer.cpp; sourceTree = SOURCE_ROOT; };
		B2208522078AFC4D0047913B /* RingBuffer.h */ = {isa = PBXFileReference; fileEncoding = 30; lastKnownFileType = sourcecode.c.h; name = RingBuffer.h; path = ../common/RingBuffer.h; sourceTree = SOURCE_ROOT; };
		B239D6A30CC51682009708F3 /* DC1394Camera.cpp */ = {isa = PBXFileReference; explicitFileType = sourcecode.cpp.objcpp; fileEncoding = 30; name = DC1394Camera.cpp; path = ../linux/DC1394Camera.cpp; sourceTree = SOURCE_ROOT; };
		B239D6A40CC51682009708F3 /* DC1394Camera.h */ = {isa = PBXFileReference; fileEncoding = 30; lastKnownFileType = sourcecode.c.h; name = DC1394Camera.h; path = ../linux/DC1394Camera.h; sourceTree = SOURCE_ROOT; };
		B24E06811B149B7800E42401 /* IOKit.framework */ = {isa = PBXFileReference; lastKnownFileType = wrapper.framework; name = IOKit.framework; path = /System/Library/Frameworks/IOKit.framework; sourceTree = "<absolute>"; };
		B24E06831B149B9300E42401 /* QTKit.framework */ = {isa = PBXFileReference; lastKnownFileType = wrapper.framework; name = QTKit.framework; path = ../../../../../../../../System/Library/Frameworks/QTKit.framework; sourceTree = "<group>"; };
		B24E06851B149C3600E42401 /* QTKitCamera.h */ = {isa = PBXFileReference; fileEncoding = 4; lastKnownFileType = sourcecode.c.h; path = QTKitCamera.h; sourceTree = "<group>"; };
		B24E06861B149C3600E42401 /* QTKitCamera.mm */ = {isa = PBXFileReference; fileEncoding = 4; lastKnownFileType = sourcecode.cpp.objcpp; path = QTKitCamera.mm; sourceTree = "<group>"; };
		B24E068B1B14CAE900E42401 /* QuartzCore.framework */ = {isa = PBXFileReference; lastKnownFileType = wrapper.framework; name = QuartzCore.framework; path = /System/Library/Frameworks/QuartzCore.framework; sourceTree = "<absolute>"; };
		B24EA4F20015EB5000096D13 /* Cocoa.framework */ = {isa = PBXFileReference; lastKnownFileType = wrapper.framework; name = Cocoa.framework; path = /System/Library/Frameworks/Cocoa.framework; sourceTree = "<absolute>"; };
		B260492208E9BF4B0095D4C8 /* SportVideo.icns */ = {isa = PBXFileReference; lastKnownFileType = image.icns; path = SportVideo.icns; sourceTree = SOURCE_ROOT; };
		B260A1ED1B0A62310053F53D /* PS3EyeCamera.cpp */ = {isa = PBXFileReference; explicitFileType = sourcecode.cpp.objcpp; fileEncoding = 4; path = PS3EyeCamera.cpp; sourceTree = "<group>"; };
		B260A1EE1B0A62310053F53D /* PS3EyeCamera.h */ = {isa = PBXFileReference; fileEncoding = 4; lastKnownFileType = sourcecode.c.h; path = PS3EyeCamera.h; sourceTree = "<group>"; };
		B260A1F01B0A624E0053F53D /* ps3eye.cpp */ = {isa = PBXFileReference; fileEncoding = 4; lastKnownFileType = sourcecode.cpp.cpp; name = ps3eye.cpp; path = ps3eye/ps3eye.cpp; sourceTree = "<group>"; };
		B260A1F11B0A624E0053F53D /* ps3eye.h */ = {isa = PBXFileReference; fileEncoding = 4; lastKnownFileType = sourcecode.c.h; name = ps3eye.h; path = ps3eye/ps3eye.h; sourceTree = "<group>"; };
		B27461741C8DC6D5008FF7A3 /* libusb.a */ = {isa = PBXFileReference; lastKnownFileType = archive.ar; name = libusb.a; path = dc1394/libusb.a; sourceTree = SOURCE_ROOT; };
		B27461791C8DC6E8008FF7A3 /* libdc1394.a */ = {isa = PBXFileReference; lastKnownFileType = archive.ar; name = libdc1394.a; path = dc1394/libdc1394.a; sourceTree = SOURCE_ROOT; };
		B282A34C0CD756B500657CDA /* camera.xml */ = {isa = PBXFileReference; fileEncoding = 4; lastKnownFileType = text.xml; path = camera.xml; sourceTree = SOURCE_ROOT; };
		B297D3EC097536E3004AB0FE /* Info.plist */ = {isa = PBXFileReference; lastKnownFileType = text.plist.xml; path = Info.plist; sourceTree = "<group>"; };
		B297D3ED097536E3004AB0FE /* SportVideo.app */ = {isa = PBXFileReference; explicitFileType = wrapper.application; includeInIndex = 0; path = SportVideo.app; sourceTree = BUILT_PRODUCTS_DIR; };
		B29AE05A1B0A95050046E462 /* FrameInverter.cpp */ = {isa = PBXFileReference; fileEncoding = 4; lastKnownFileType = sourcecode.cpp.cpp; name = FrameInverter.cpp; path = ../sdldemo/FrameInverter.cpp; sourceTree = "<group>"; };
		B29AE05B1B0A95050046E462 /* FrameInverter.h */ = {isa = PBXFileReference; fileEncoding = 4; lastKnownFileType = sourcecode.c.h; name = FrameInverter.h; path = ../sdldemo/FrameInverter.h; sourceTree = "<group>"; };
		B29AE05D1B0A999C0046E462 /* portvideo.xml */ = {isa = PBXFileReference; fileEncoding = 4; lastKnownFileType = text.xml; path = portvideo.xml; sourceTree = "<group>"; };
		B2A6210F1B2DBC5400BC724D /* ConsoleInterface.cpp */ = {isa = PBXFileReference; explicitFileType = sourcecode.cpp.objcpp; fileEncoding = 4; name = ConsoleInterface.cpp; path = ../common/ConsoleInterface.cpp; sourceTree = "<group>"; };
		B2A621101B2DBC5400BC724D /* ConsoleInterface.h */ = {isa = PBXFileReference; fileEncoding = 4; lastKnownFileType = sourcecode.c.h; name = ConsoleInterface.h; path = ../common/ConsoleInterface.h; sourceTree = "<group>"; };
		B2A8A0C919ECF6EE00D8D4FA /* Main.h */ = {isa = PBXFileReference; fileEncoding = 4; lastKnownFileType = sourcecode.c.h; name = Main.h; path = ../sdldemo/Main.h; sourceTree = "<group>"; };
		B2DEC9D819F65354006CAD09 /* SDL2.framework */ = {isa = PBXFileReference; lastKnownFileType = wrapper.framework; name = SDL2.framework; path = Frameworks/SDL2.framework; sourceTree = "<group>"; };
		B2E6097008EAE59400136A11 /* CameraEngine.h */ = {isa = PBXFileReference; fileEncoding = 30; lastKnownFileType = sourcecode.c.h; name = CameraEngine.h; path = ../common/CameraEngine.h; sourceTree = SOURCE_ROOT; };
		B2E644140D6C39EC0000ABD0 /* FolderCamera.cpp */ = {isa = PBXFileReference; fileEncoding = 4; lastKnownFileType = sourcecode.cpp.cpp; name = FolderCamera.cpp; path = ../common/FolderCamera.cpp; sourceTree = SOURCE_ROOT; };
		B2E644150D6C39EC0000ABD0 /* FolderCamera.h */ = {isa = PBXFileReference; fileEncoding = 4; lastKnownFileType = sourcecode.c.h; name = FolderCamera.h; path = ../common/FolderCamera.h; sourceTree = SOURCE_ROOT; };
		B2F024DD0975394D00538C36 /* Resources.c */ = {isa = PBXFileReference; fileEncoding = 30; lastKnownFileType = sourcecode.c.c; name = Resources.c; path = ../interface/Resources.c; sourceTree = SOURCE_ROOT; };
		B2F024DE0975394D00538C36 /* Resources.h */ = {isa = PBXFileReference; fileEncoding = 30; lastKnownFileType = sourcecode.c.h; name = Resources.h; path = ../interface/Resources.h; sourceTree = SOURCE_ROOT; };
/* End PBXFileReference section */

/* Begin PBXFrameworksBuildPhase section */
		B297D3E3097536E2004AB0FE /* Frameworks */ = {
			isa = PBXFrameworksBuildPhase;
			buildActionMask = 2147483647;
			files = (
				B24E068C1B14CAE900E42401 /* QuartzCore.framework in Frameworks */,
				B2DEC9D919F65354006CAD09 /* SDL2.framework in Frameworks */,
				B24E06821B149B7800E42401 /* IOKit.framework in Frameworks */,
				B24E06841B149B9300E42401 /* QTKit.framework in Frameworks */,
				B24EA4F30015EB5000096D13 /* Cocoa.framework in Frameworks */,
				B27461A71C8DCD0F008FF7A3 /* libdc1394.a in Frameworks */,
				B27461AF1C8DCEA0008FF7A3 /* libusb.a in Frameworks */,
			);
			runOnlyForDeploymentPostprocessing = 0;
		};
/* End PBXFrameworksBuildPhase section */

/* Begin PBXGroup section */
		080E96DDFE201D6D7F000001 /* Classes */ = {
			isa = PBXGroup;
			children = (
				B214E66E0959DA6F00A347C1 /* Main.cpp */,
				B2A8A0C919ECF6EE00D8D4FA /* Main.h */,
				B29AE05A1B0A95050046E462 /* FrameInverter.cpp */,
				B29AE05B1B0A95050046E462 /* FrameInverter.h */,
				B2F486A407788A9A00370074 /* drivers */,
				B267A21D1B0A8CB9003CA930 /* common */,
				B267A21E1B0A8D9F003CA930 /* interface */,
				B200D5581B0E52BB00249D8B /* tinyxml */,
			);
			name = Classes;
			sourceTree = "<group>";
		};
		1058C7A0FEA54F0111CA2CBB /* Linked Frameworks */ = {
			isa = PBXGroup;
			children = (
				B27461791C8DC6E8008FF7A3 /* libdc1394.a */,
				B27461741C8DC6D5008FF7A3 /* libusb.a */,
				B2DEC9D819F65354006CAD09 /* SDL2.framework */,
				B24E06811B149B7800E42401 /* IOKit.framework */,
				B24E06831B149B9300E42401 /* QTKit.framework */,
				B24E068B1B14CAE900E42401 /* QuartzCore.framework */,
				B24EA4F20015EB5000096D13 /* Cocoa.framework */,
			);
			name = "Linked Frameworks";
			sourceTree = "<group>";
		};
		19C28FACFE9D520D11CA2CBB /* Products */ = {
			isa = PBXGroup;
			children = (
				B297D3ED097536E3004AB0FE /* SportVideo.app */,
			);
			name = Products;
			sourceTree = "<group>";
		};
		29B97314FDCFA39411CA2CEA /* SportVideo */ = {
			isa = PBXGroup;
			children = (
				080E96DDFE201D6D7F000001 /* Classes */,
				29B97317FDCFA39411CA2CEA /* Resources */,
				29B97323FDCFA39411CA2CEA /* Frameworks */,
				19C28FACFE9D520D11CA2CBB /* Products */,
			);
			name = SportVideo;
			sourceTree = "<group>";
		};
		29B97317FDCFA39411CA2CEA /* Resources */ = {
			isa = PBXGroup;
			children = (
				B200D5351B0CAEC400249D8B /* English.lproj */,
				B29AE05D1B0A999C0046E462 /* portvideo.xml */,
				B297D3EC097536E3004AB0FE /* Info.plist */,
				B282A34C0CD756B500657CDA /* camera.xml */,
				B260492208E9BF4B0095D4C8 /* SportVideo.icns */,
			);
			name = Resources;
			sourceTree = "<group>";
		};
		29B97323FDCFA39411CA2CEA /* Frameworks */ = {
			isa = PBXGroup;
			children = (
				1058C7A0FEA54F0111CA2CBB /* Linked Frameworks */,
			);
			name = Frameworks;
			sourceTree = "<group>";
		};
		B200D5351B0CAEC400249D8B /* English.lproj */ = {
			isa = PBXGroup;
			children = (
				B200D5361B0CAEC400249D8B /* InfoPlist.strings */,
			);
			path = English.lproj;
			sourceTree = "<group>";
		};
		B200D5581B0E52BB00249D8B /* tinyxml */ = {
			isa = PBXGroup;
			children = (
				B200D55A1B0E52BB00249D8B /* tinyxml2.cpp */,
				B200D55B1B0E52BB00249D8B /* tinyxml2.h */,
			);
			name = tinyxml;
			path = ../tinyxml;
			sourceTree = "<group>";
		};
		B267A21D1B0A8CB9003CA930 /* common */ = {
			isa = PBXGroup;
			children = (
				B2208511078AFC0A0047913B /* CameraTool.cpp */,
				B2208512078AFC0A0047913B /* CameraTool.h */,
				B21D8A0C0CE7A34A003B810C /* CameraEngine.cpp */,
				B2E6097008EAE59400136A11 /* CameraEngine.h */,
				B2208521078AFC4D0047913B /* RingBuffer.cpp */,
				B2208522078AFC4D0047913B /* RingBuffer.h */,
				B220851B078AFC3D0047913B /* FrameProcessor.h */,
				B200D5451B0E12BA00249D8B /* UserInterface.h */,
			);
			name = common;
			sourceTree = "<group>";
		};
		B267A21E1B0A8D9F003CA930 /* interface */ = {
			isa = PBXGroup;
			children = (
				B200D5421B0D153F00249D8B /* VisionEngine.cpp */,
				B200D5441B0D154B00249D8B /* VisionEngine.h */,
				B220851F078AFC4D0047913B /* SDLinterface.cpp */,
				B2208520078AFC4D0047913B /* SDLinterface.h */,
				B2A6210F1B2DBC5400BC724D /* ConsoleInterface.cpp */,
				B2A621101B2DBC5400BC724D /* ConsoleInterface.h */,
				B2F024DD0975394D00538C36 /* Resources.c */,
				B2F024DE0975394D00538C36 /* Resources.h */,
			);
			name = interface;
			sourceTree = "<group>";
		};
		B2F486A407788A9A00370074 /* drivers */ = {
			isa = PBXGroup;
			children = (
				B24E06861B149C3600E42401 /* QTKitCamera.mm */,
				B24E06851B149C3600E42401 /* QTKitCamera.h */,
				B239D6A30CC51682009708F3 /* DC1394Camera.cpp */,
				B239D6A40CC51682009708F3 /* DC1394Camera.h */,
				B260A1ED1B0A62310053F53D /* PS3EyeCamera.cpp */,
				B260A1EE1B0A62310053F53D /* PS3EyeCamera.h */,
				B260A1F01B0A624E0053F53D /* ps3eye.cpp */,
				B260A1F11B0A624E0053F53D /* ps3eye.h */,
				B2E644140D6C39EC0000ABD0 /* FolderCamera.cpp */,
				B2E644150D6C39EC0000ABD0 /* FolderCamera.h */,
				B21D89E30CE7A0FE003B810C /* FileCamera.cpp */,
				B21D89E40CE7A0FE003B810C /* FileCamera.h */,
			);
			name = drivers;
			sourceTree = "<group>";
		};
/* End PBXGroup section */

/* Begin PBXNativeTarget section */
		B297D37B097536E2004AB0FE /* SportVideo */ = {
			isa = PBXNativeTarget;
			buildConfigurationList = B297D3E8097536E2004AB0FE /* Build configuration list for PBXNativeTarget "SportVideo" */;
			buildPhases = (
				B297D3B6097536E2004AB0FE /* Resources */,
				B297D3B9097536E2004AB0FE /* Sources */,
				B297D3E3097536E2004AB0FE /* Frameworks */,
				B2E7620A0DD39B19008A46C0 /* Copy Frameworks Into .app Bundle */,
			);
			buildRules = (
			);
			dependencies = (
			);
			name = SportVideo;
			productName = SportVideo;
			productReference = B297D3ED097536E3004AB0FE /* SportVideo.app */;
			productType = "com.apple.product-type.application";
		};
/* End PBXNativeTarget section */

/* Begin PBXProject section */
		29B97313FDCFA39411CA2CEA /* Project object */ = {
			isa = PBXProject;
			attributes = {
				BuildIndependentTargetsInParallel = NO;
				LastUpgradeCheck = 0630;
			};
			buildConfigurationList = B2BCA3A30859B28700B9378C /* Build configuration list for PBXProject "legacy" */;
			compatibilityVersion = "Xcode 3.2";
			developmentRegion = English;
			hasScannedForEncodings = 0;
			knownRegions = (
				English,
				Japanese,
				French,
				German,
			);
			mainGroup = 29B97314FDCFA39411CA2CEA /* SportVideo */;
			projectDirPath = "";
			projectRoot = "";
			targets = (
				B297D37B097536E2004AB0FE /* SportVideo */,
			);
		};
/* End PBXProject section */

/* Begin PBXResourcesBuildPhase section */
		B297D3B6097536E2004AB0FE /* Resources */ = {
			isa = PBXResourcesBuildPhase;
			buildActionMask = 2147483647;
			files = (
				B297D3B8097536E2004AB0FE /* SportVideo.icns in Resources */,
				B200D5381B0CAEC400249D8B /* InfoPlist.strings in Resources */,
				B29AE05E1B0A999C0046E462 /* portvideo.xml in Resources */,
				B282A34D0CD756B500657CDA /* camera.xml in Resources */,
			);
			runOnlyForDeploymentPostprocessing = 0;
		};
/* End PBXResourcesBuildPhase section */

/* Begin PBXSourcesBuildPhase section */
		B297D3B9097536E2004AB0FE /* Sources */ = {
			isa = PBXSourcesBuildPhase;
			buildActionMask = 2147483647;
			files = (
				B200D55D1B0E52BB00249D8B /* tinyxml2.cpp in Sources */,
				B297D3BE097536E2004AB0FE /* CameraTool.cpp in Sources */,
				B297D3C0097536E2004AB0FE /* SDLinterface.cpp in Sources */,
				B297D3C1097536E2004AB0FE /* RingBuffer.cpp in Sources */,
				B297D3E2097536E2004AB0FE /* Main.cpp in Sources */,
				B2A621111B2DBC5400BC724D /* ConsoleInterface.cpp in Sources */,
				B2F024E10975394D00538C36 /* Resources.c in Sources */,
				B260A1F21B0A624E0053F53D /* ps3eye.cpp in Sources */,
				B29AE05C1B0A95050046E462 /* FrameInverter.cpp in Sources */,
				B260A1EF1B0A62310053F53D /* PS3EyeCamera.cpp in Sources */,
				B24E06891B149C3600E42401 /* QTKitCamera.mm in Sources */,
				B239D6A50CC51682009708F3 /* DC1394Camera.cpp in Sources */,
				B21D89E50CE7A0FE003B810C /* FileCamera.cpp in Sources */,
				B21D8A0D0CE7A34A003B810C /* CameraEngine.cpp in Sources */,
				B2E644160D6C39EC0000ABD0 /* FolderCamera.cpp in Sources */,
				B200D5431B0D153F00249D8B /* VisionEngine.cpp in Sources */,
			);
			runOnlyForDeploymentPostprocessing = 0;
		};
/* End PBXSourcesBuildPhase section */

/* Begin PBXVariantGroup section */
		B200D5361B0CAEC400249D8B /* InfoPlist.strings */ = {
			isa = PBXVariantGroup;
			children = (
				B200D5371B0CAEC400249D8B /* English */,
			);
			name = InfoPlist.strings;
			sourceTree = "<group>";
		};
/* End PBXVariantGroup section */

/* Begin XCBuildConfiguration section */
		B297D3E9097536E2004AB0FE /* Development */ = {
			isa = XCBuildConfiguration;
			buildSettings = {
				ARCHS = "$(ARCHS_STANDARD_32_BIT)";
				COPY_PHASE_STRIP = NO;
				DEAD_CODE_STRIPPING = NO;
				DEBUG_INFORMATION_FORMAT = "dwarf-with-dsym";
				FRAMEWORK_SEARCH_PATHS = (
					/Library/Frameworks,
					"$(LOCAL_LIBRARY_DIR)/Frameworks",
					"$(PROJECT_DIR)/Frameworks",
				);
				GCC_DYNAMIC_NO_PIC = NO;
				GCC_ENABLE_FIX_AND_CONTINUE = YES;
				GCC_GENERATE_DEBUGGING_SYMBOLS = YES;
				GCC_INLINES_ARE_PRIVATE_EXTERN = NO;
				GCC_OPTIMIZATION_LEVEL = 0;
				GCC_PREPROCESSOR_DEFINITIONS = "";
				GCC_STRICT_ALIASING = YES;
				GCC_UNROLL_LOOPS = YES;
				GCC_VERSION = "";
				HEADER_SEARCH_PATHS = (
					../tinyxml,
					../macosx,
					../common,
				);
				INFOPLIST_FILE = Info.plist;
				LIBRARY_SEARCH_PATHS = (
					./dc1394,
					"\"$(SRCROOT)/dc1394\"",
				);
				MACOSX_DEPLOYMENT_TARGET = 10.5;
				ONLY_ACTIVE_ARCH = NO;
				OTHER_CFLAGS = "";
				OTHER_LDFLAGS = "";
				PRODUCT_NAME = SportVideo;
				SDKROOT = macosx;
				SECTORDER_FLAGS = "";
				STRIP_INSTALLED_PRODUCT = NO;
				STRIP_STYLE = all;
				WARNING_CFLAGS = (
					"-Wmost",
					"-Wno-four-char-constants",
					"-Wno-unknown-pragmas",
				);
				WRAPPER_EXTENSION = app;
			};
			name = Development;
		};
		B297D3EA097536E2004AB0FE /* Deployment */ = {
			isa = XCBuildConfiguration;
			buildSettings = {
				ARCHS = "$(ARCHS_STANDARD_32_BIT)";
				COPY_PHASE_STRIP = NO;
				DEAD_CODE_STRIPPING = NO;
				FRAMEWORK_SEARCH_PATHS = (
					/Library/Frameworks,
					"$(LOCAL_LIBRARY_DIR)/Frameworks",
					"$(PROJECT_DIR)/Frameworks",
				);
				GCC_ENABLE_FIX_AND_CONTINUE = NO;
				GCC_GENERATE_DEBUGGING_SYMBOLS = NO;
				GCC_OPTIMIZATION_LEVEL = 3;
				GCC_PREPROCESSOR_DEFINITIONS = "";
				GCC_STRICT_ALIASING = YES;
				GCC_VERSION = "";
				HEADER_SEARCH_PATHS = (
					../tinyxml,
					../macosx,
					../common,
				);
				INFOPLIST_FILE = Info.plist;
				LIBRARY_SEARCH_PATHS = (
					./dc1394,
					"\"$(SRCROOT)/dc1394\"",
				);
				MACOSX_DEPLOYMENT_TARGET = 10.5;
				ONLY_ACTIVE_ARCH = NO;
				OTHER_CFLAGS = "-DNDEBUG";
				OTHER_CPLUSPLUSFLAGS = "$(OTHER_CFLAGS)";
				OTHER_LDFLAGS = "";
				PRODUCT_NAME = SportVideo;
				SDKROOT = macosx;
				SECTORDER_FLAGS = "";
				STRIP_INSTALLED_PRODUCT = NO;
				STRIP_STYLE = all;
				WARNING_CFLAGS = (
					"-Wmost",
					"-Wno-four-char-constants",
					"-Wno-unknown-pragmas",
				);
				WRAPPER_EXTENSION = app;
			};
			name = Deployment;
		};
		B297D3EB097536E2004AB0FE /* Default */ = {
			isa = XCBuildConfiguration;
			buildSettings = {
				ARCHS = "$(ARCHS_STANDARD_32_BIT)";
				COPY_PHASE_STRIP = NO;
				DEAD_CODE_STRIPPING = NO;
				FRAMEWORK_SEARCH_PATHS = (
					/Library/Frameworks,
					"$(LOCAL_LIBRARY_DIR)/Frameworks",
					"$(PROJECT_DIR)/Frameworks",
				);
				GCC_GENERATE_DEBUGGING_SYMBOLS = NO;
				GCC_OPTIMIZATION_LEVEL = 3;
				GCC_PREPROCESSOR_DEFINITIONS = "";
				GCC_VERSION = "";
				HEADER_SEARCH_PATHS = (
					../tinyxml,
					../macosx,
					../common,
				);
				INFOPLIST_FILE = Info.plist;
				LIBRARY_SEARCH_PATHS = (
					./dc1394,
					"\"$(SRCROOT)/dc1394\"",
				);
				MACOSX_DEPLOYMENT_TARGET = 10.5;
				OTHER_CFLAGS = "";
				OTHER_LDFLAGS = "";
				PRODUCT_NAME = SportVideo;
				SDKROOT = macosx;
				SECTORDER_FLAGS = "";
				STRIP_INSTALLED_PRODUCT = NO;
				STRIP_STYLE = all;
				WARNING_CFLAGS = (
					"-Wmost",
					"-Wno-four-char-constants",
					"-Wno-unknown-pragmas",
				);
				WRAPPER_EXTENSION = app;
			};
			name = Default;
		};
		B2BCA3A40859B28700B9378C /* Development */ = {
			isa = XCBuildConfiguration;
			buildSettings = {
				ARCHS = "$(ARCHS_STANDARD_32_BIT)";
				COPY_PHASE_STRIP = NO;
				DEAD_CODE_STRIPPING = YES;
				GCC_CW_ASM_SYNTAX = NO;
				GCC_INPUT_FILETYPE = automatic;
				GCC_OPTIMIZATION_LEVEL = 0;
				GCC_STRICT_ALIASING = YES;
				GCC_UNROLL_LOOPS = YES;
				GCC_VERSION = "";
				HEADER_SEARCH_PATHS = "";
				LD_RUNPATH_SEARCH_PATHS = "@loader_path/../Frameworks";
				LIBRARY_SEARCH_PATHS = "";
				MACOSX_DEPLOYMENT_TARGET = 10.6;
				ONLY_ACTIVE_ARCH = NO;
				SDKROOT = macosx;
				STRIP_INSTALLED_PRODUCT = NO;
				STRIP_STYLE = "non-global";
			};
			name = Development;
		};
		B2BCA3A50859B28700B9378C /* Deployment */ = {
			isa = XCBuildConfiguration;
			buildSettings = {
				ARCHS = "$(ARCHS_STANDARD_32_BIT)";
				CLANG_CXX_LANGUAGE_STANDARD = "compiler-default";
				CLANG_X86_VECTOR_INSTRUCTIONS = default;
				DEAD_CODE_STRIPPING = YES;
				GCC_CW_ASM_SYNTAX = NO;
				GCC_GENERATE_DEBUGGING_SYMBOLS = NO;
				GCC_INPUT_FILETYPE = automatic;
				GCC_OPTIMIZATION_LEVEL = s;
				GCC_STRICT_ALIASING = YES;
				GCC_UNROLL_LOOPS = YES;
				GCC_VERSION = "";
				HEADER_SEARCH_PATHS = "";
				LD_RUNPATH_SEARCH_PATHS = "@loader_path/../Frameworks";
				LIBRARY_SEARCH_PATHS = "";
				MACOSX_DEPLOYMENT_TARGET = 10.6;
				ONLY_ACTIVE_ARCH = NO;
				OTHER_CFLAGS = "-DNDEBUG";
				OTHER_LDFLAGS = "";
				SDKROOT = macosx;
				STRIP_STYLE = all;
				USER_HEADER_SEARCH_PATHS = "";
			};
			name = Deployment;
		};
		B2BCA3A60859B28700B9378C /* Default */ = {
			isa = XCBuildConfiguration;
			buildSettings = {
				ARCHS = "$(ARCHS_STANDARD_32_BIT)";
				CLANG_CXX_LANGUAGE_STANDARD = "compiler-default";
				CLANG_X86_VECTOR_INSTRUCTIONS = default;
				DEAD_CODE_STRIPPING = YES;
				GCC_CW_ASM_SYNTAX = NO;
				GCC_INPUT_FILETYPE = automatic;
				GCC_OPTIMIZATION_LEVEL = 3;
				GCC_STRICT_ALIASING = YES;
				GCC_UNROLL_LOOPS = YES;
				GCC_VERSION = "";
				HEADER_SEARCH_PATHS = "";
				LD_RUNPATH_SEARCH_PATHS = "@loader_path/../Frameworks";
				LIBRARY_SEARCH_PATHS = "";
				MACOSX_DEPLOYMENT_TARGET = 10.5;
				ONLY_ACTIVE_ARCH = NO;
				SDKROOT = macosx10.5;
				STRIP_STYLE = debugging;
			};
			name = Default;
		};
/* End XCBuildConfiguration section */

/* Begin XCConfigurationList section */
		B297D3E8097536E2004AB0FE /* Build configuration list for PBXNativeTarget "SportVideo" */ = {
			isa = XCConfigurationList;
			buildConfigurations = (
				B297D3E9097536E2004AB0FE /* Development */,
				B297D3EA097536E2004AB0FE /* Deployment */,
				B297D3EB097536E2004AB0FE /* Default */,
			);
			defaultConfigurationIsVisible = 0;
			defaultConfigurationName = Default;
		};
		B2BCA3A30859B28700B9378C /* Build configuration list for PBXProject "legacy" */ = {
			isa = XCConfigurationList;
			buildConfigurations = (
				B2BCA3A40859B28700B9378C /* Development */,
				B2BCA3A50859B28700B9378C /* Deployment */,
				B2BCA3A60859B28700B9378C /* Default */,
			);
			defaultConfigurationIsVisible = 0;
			defaultConfigurationName = Default;
		};
/* End XCConfigurationList section */
	};
	rootObject = 29B97313FDCFA39411CA2CEA /* Project object */;
}
