// !$*UTF8*$!
{
	archiveVersion = 1;
	classes = {
	};
	objectVersion = 46;
	objects = {

/* Begin PBXBuildFile section */
		B24EA4F30015EB5000096D13 /* Cocoa.framework in Frameworks */ = {isa = PBXBuildFile; fileRef = B24EA4F20015EB5000096D13 /* Cocoa.framework */; };
		B2505B730ACC635B007C21BB /* CalibrationEngine.cpp in Sources */ = {isa = PBXBuildFile; fileRef = B2505B710ACC635B007C21BB /* CalibrationEngine.cpp */; };
		B265CD291C8D866E00048220 /* FlashSender.cpp in Sources */ = {isa = PBXBuildFile; fileRef = B265CD091C8D866E00048220 /* FlashSender.cpp */; };
		B265CD2A1C8D866E00048220 /* OneEuroFilter.cpp in Sources */ = {isa = PBXBuildFile; fileRef = B265CD0C1C8D866E00048220 /* OneEuroFilter.cpp */; };
		B265CD2C1C8D866E00048220 /* TcpSender.cpp in Sources */ = {isa = PBXBuildFile; fileRef = B265CD101C8D866E00048220 /* TcpSender.cpp */; };
		B265CD2D1C8D866E00048220 /* TuioBlob.cpp in Sources */ = {isa = PBXBuildFile; fileRef = B265CD121C8D866E00048220 /* TuioBlob.cpp */; };
		B265CD2E1C8D866E00048220 /* TuioContainer.cpp in Sources */ = {isa = PBXBuildFile; fileRef = B265CD141C8D866E00048220 /* TuioContainer.cpp */; };
		B265CD2F1C8D866E00048220 /* TuioCursor.cpp in Sources */ = {isa = PBXBuildFile; fileRef = B265CD161C8D866E00048220 /* TuioCursor.cpp */; };
		B265CD301C8D866E00048220 /* TuioDispatcher.cpp in Sources */ = {isa = PBXBuildFile; fileRef = B265CD181C8D866E00048220 /* TuioDispatcher.cpp */; };
		B265CD311C8D866E00048220 /* TuioManager.cpp in Sources */ = {isa = PBXBuildFile; fileRef = B265CD1B1C8D866E00048220 /* TuioManager.cpp */; };
		B265CD321C8D866E00048220 /* TuioObject.cpp in Sources */ = {isa = PBXBuildFile; fileRef = B265CD1D1C8D866E00048220 /* TuioObject.cpp */; };
		B265CD331C8D866E00048220 /* TuioPoint.cpp in Sources */ = {isa = PBXBuildFile; fileRef = B265CD1F1C8D866E00048220 /* TuioPoint.cpp */; };
		B265CD341C8D866E00048220 /* TuioServer.cpp in Sources */ = {isa = PBXBuildFile; fileRef = B265CD211C8D866E00048220 /* TuioServer.cpp */; };
		B265CD351C8D866E00048220 /* TuioTime.cpp in Sources */ = {isa = PBXBuildFile; fileRef = B265CD231C8D866E00048220 /* TuioTime.cpp */; };
		B265CD361C8D866E00048220 /* UdpSender.cpp in Sources */ = {isa = PBXBuildFile; fileRef = B265CD251C8D866E00048220 /* UdpSender.cpp */; };
		B265CD371C8D866E00048220 /* WebSockSender.cpp in Sources */ = {isa = PBXBuildFile; fileRef = B265CD271C8D866E00048220 /* WebSockSender.cpp */; };
		B265CD3A1C8D869000048220 /* tinyxml2.cpp in Sources */ = {isa = PBXBuildFile; fileRef = B265CD381C8D869000048220 /* tinyxml2.cpp */; };
		B265CD4B1C8D86A500048220 /* CameraEngine.cpp in Sources */ = {isa = PBXBuildFile; fileRef = B265CD3B1C8D86A500048220 /* CameraEngine.cpp */; };
		B265CD4C1C8D86A500048220 /* CameraTool.cpp in Sources */ = {isa = PBXBuildFile; fileRef = B265CD3D1C8D86A500048220 /* CameraTool.cpp */; };
		B265CD4D1C8D86A500048220 /* ConsoleInterface.cpp in Sources */ = {isa = PBXBuildFile; fileRef = B265CD3F1C8D86A500048220 /* ConsoleInterface.cpp */; };
		B265CD4E1C8D86A500048220 /* FileCamera.cpp in Sources */ = {isa = PBXBuildFile; fileRef = B265CD411C8D86A500048220 /* FileCamera.cpp */; };
		B265CD4F1C8D86A500048220 /* FolderCamera.cpp in Sources */ = {isa = PBXBuildFile; fileRef = B265CD431C8D86A500048220 /* FolderCamera.cpp */; };
		B265CD501C8D86A500048220 /* RingBuffer.cpp in Sources */ = {isa = PBXBuildFile; fileRef = B265CD461C8D86A500048220 /* RingBuffer.cpp */; };
		B265CD511C8D86A500048220 /* VisionEngine.cpp in Sources */ = {isa = PBXBuildFile; fileRef = B265CD491C8D86A500048220 /* VisionEngine.cpp */; };
		B265CD561C8D86B700048220 /* Resources.c in Sources */ = {isa = PBXBuildFile; fileRef = B265CD521C8D86B700048220 /* Resources.c */; };
		B265CD571C8D86B700048220 /* SDLinterface.cpp in Sources */ = {isa = PBXBuildFile; fileRef = B265CD541C8D86B700048220 /* SDLinterface.cpp */; };
		B265CD5C1C8D86CE00048220 /* PS3EyeCamera.cpp in Sources */ = {isa = PBXBuildFile; fileRef = B265CD581C8D86CE00048220 /* PS3EyeCamera.cpp */; };
		B265CD5D1C8D86CE00048220 /* QTKitCamera.mm in Sources */ = {isa = PBXBuildFile; fileRef = B265CD5B1C8D86CE00048220 /* QTKitCamera.mm */; };
		B265CD601C8D86DC00048220 /* DC1394Camera.cpp in Sources */ = {isa = PBXBuildFile; fileRef = B265CD5E1C8D86DC00048220 /* DC1394Camera.cpp */; };
		B265CD661C8D86F200048220 /* BlobMatrix.cpp in Sources */ = {isa = PBXBuildFile; fileRef = B265CD611C8D86F200048220 /* BlobMatrix.cpp */; };
		B265CD671C8D86F200048220 /* BlobObject.cpp in Sources */ = {isa = PBXBuildFile; fileRef = B265CD631C8D86F200048220 /* BlobObject.cpp */; };
		B265CD741C8D874900048220 /* ps3eye.cpp in Sources */ = {isa = PBXBuildFile; fileRef = B265CD721C8D874900048220 /* ps3eye.cpp */; };
		B265CDE61C8D8C5000048220 /* libusb.a in Frameworks */ = {isa = PBXBuildFile; fileRef = B265CDE51C8D8C5000048220 /* libusb.a */; };
		B26725EE0C5E3FD100D7FD74 /* IOKit.framework in Frameworks */ = {isa = PBXBuildFile; fileRef = B26725ED0C5E3FD100D7FD74 /* IOKit.framework */; };
		B26E016C19C9AD5F00F0CBCB /* SDL2.framework in Frameworks */ = {isa = PBXBuildFile; fileRef = B26E016B19C9AD5F00F0CBCB /* SDL2.framework */; };
		B282A34D0CD756B500657CDA /* camera.xml in Resources */ = {isa = PBXBuildFile; fileRef = B282A34C0CD756B500657CDA /* camera.xml */; };
		B2884A790A2CF0E800AFF79A /* CalibrationGrid.cpp in Sources */ = {isa = PBXBuildFile; fileRef = B2884A770A2CF0E800AFF79A /* CalibrationGrid.cpp */; };
		B297D3B7097536E2004AB0FE /* InfoPlist.strings in Resources */ = {isa = PBXBuildFile; fileRef = 089C165CFE840E0CC02AAC07 /* InfoPlist.strings */; };
		B297D3B8097536E2004AB0FE /* reacTIVision.icns in Resources */ = {isa = PBXBuildFile; fileRef = B260492208E9BF4B0095D4C8 /* reacTIVision.icns */; };
		B297D3BF097536E2004AB0FE /* FiducialFinder.cpp in Sources */ = {isa = PBXBuildFile; fileRef = B2208519078AFC3D0047913B /* FiducialFinder.cpp */; };
		B297D3C4097536E2004AB0FE /* dump_graph.c in Sources */ = {isa = PBXBuildFile; fileRef = B260492408E9BF610095D4C8 /* dump_graph.c */; };
		B297D3C6097536E2004AB0FE /* fidtrackX.c in Sources */ = {isa = PBXBuildFile; fileRef = B260492808E9BF610095D4C8 /* fidtrackX.c */; };
		B297D3C7097536E2004AB0FE /* segment.c in Sources */ = {isa = PBXBuildFile; fileRef = B260492B08E9BF620095D4C8 /* segment.c */; };
		B297D3C9097536E2004AB0FE /* tiled_bernsen_threshold.c in Sources */ = {isa = PBXBuildFile; fileRef = B260492F08E9BF620095D4C8 /* tiled_bernsen_threshold.c */; };
		B297D3CA097536E2004AB0FE /* topologysearch.c in Sources */ = {isa = PBXBuildFile; fileRef = B260493108E9BF620095D4C8 /* topologysearch.c */; };
		B297D3CB097536E2004AB0FE /* treeidmap.cpp in Sources */ = {isa = PBXBuildFile; fileRef = B260493308E9BF620095D4C8 /* treeidmap.cpp */; };
		B297D3CC097536E2004AB0FE /* IpEndpointName.cpp in Sources */ = {isa = PBXBuildFile; fileRef = B260494608E9BF7E0095D4C8 /* IpEndpointName.cpp */; };
		B297D3CD097536E2004AB0FE /* NetworkingUtils.cpp in Sources */ = {isa = PBXBuildFile; fileRef = B260495208E9BFA80095D4C8 /* NetworkingUtils.cpp */; };
		B297D3CE097536E2004AB0FE /* UdpSocket.cpp in Sources */ = {isa = PBXBuildFile; fileRef = B260495308E9BFA80095D4C8 /* UdpSocket.cpp */; };
		B297D3CF097536E2004AB0FE /* OscOutboundPacketStream.cpp in Sources */ = {isa = PBXBuildFile; fileRef = B260495A08E9BFC00095D4C8 /* OscOutboundPacketStream.cpp */; };
		B297D3D0097536E2004AB0FE /* OscPrintReceivedElements.cpp in Sources */ = {isa = PBXBuildFile; fileRef = B260495D08E9BFC00095D4C8 /* OscPrintReceivedElements.cpp */; };
		B297D3D1097536E2004AB0FE /* OscReceivedElements.cpp in Sources */ = {isa = PBXBuildFile; fileRef = B260495F08E9BFC00095D4C8 /* OscReceivedElements.cpp */; };
		B297D3D2097536E2004AB0FE /* OscTypes.cpp in Sources */ = {isa = PBXBuildFile; fileRef = B260496508E9BFC00095D4C8 /* OscTypes.cpp */; };
		B297D3DE097536E2004AB0FE /* FidtrackFinder.cpp in Sources */ = {isa = PBXBuildFile; fileRef = B214E6660959DA6F00A347C1 /* FidtrackFinder.cpp */; };
		B297D3E1097536E2004AB0FE /* FrameThresholder.cpp in Sources */ = {isa = PBXBuildFile; fileRef = B214E66C0959DA6F00A347C1 /* FrameThresholder.cpp */; };
		B297D3E2097536E2004AB0FE /* Main.cpp in Sources */ = {isa = PBXBuildFile; fileRef = B214E66E0959DA6F00A347C1 /* Main.cpp */; };
		B29F24C819E0113400C8428D /* QuickTime.framework in Frameworks */ = {isa = PBXBuildFile; fileRef = B29F24C719E0113400C8428D /* QuickTime.framework */; };
		B2AEE8EC0DE5D15C00D51856 /* reacTIVision.xml in Resources */ = {isa = PBXBuildFile; fileRef = B2AEE8EB0DE5D15C00D51856 /* reacTIVision.xml */; };
		B2B6BE9C19C45A66005B7174 /* QTKit.framework in Frameworks */ = {isa = PBXBuildFile; fileRef = B2B6BE9B19C45A66005B7174 /* QTKit.framework */; };
		B2B6BEA919C45AB1005B7174 /* QuartzCore.framework in Frameworks */ = {isa = PBXBuildFile; fileRef = B2B6BEA819C45AB1005B7174 /* QuartzCore.framework */; };
		B2CA60040CD623FA00B46958 /* libdc1394.a in Frameworks */ = {isa = PBXBuildFile; fileRef = B2CA60030CD623FA00B46958 /* libdc1394.a */; };
		B2CAC0B219CC3E94003AC356 /* reacTIVision.png in Resources */ = {isa = PBXBuildFile; fileRef = B2CAC0B119CC3E94003AC356 /* reacTIVision.png */; };
		B2E6C87A0C9AE9BB0018A29E /* CoreFoundation.framework in Frameworks */ = {isa = PBXBuildFile; fileRef = B2E6C8790C9AE9BB0018A29E /* CoreFoundation.framework */; };
		B2E9BB3B09D0D2C1005DF348 /* CoreMIDI.framework in Frameworks */ = {isa = PBXBuildFile; fileRef = B2E9BB3A09D0D2C1005DF348 /* CoreMIDI.framework */; };
		B2E9BB4009D0D2E0005DF348 /* CoreAudio.framework in Frameworks */ = {isa = PBXBuildFile; fileRef = B2E9BB3F09D0D2E0005DF348 /* CoreAudio.framework */; };
/* End PBXBuildFile section */

/* Begin PBXCopyFilesBuildPhase section */
		B2E7620A0DD39B19008A46C0 /* Copy Frameworks Into .app Bundle */ = {
			isa = PBXCopyFilesBuildPhase;
			buildActionMask = 2147483647;
			dstPath = "";
			dstSubfolderSpec = 10;
			files = (
			);
			name = "Copy Frameworks Into .app Bundle";
			runOnlyForDeploymentPostprocessing = 0;
		};
/* End PBXCopyFilesBuildPhase section */

/* Begin PBXFileReference section */
		089C165DFE840E0CC02AAC07 /* English */ = {isa = PBXFileReference; fileEncoding = 10; lastKnownFileType = text.plist.strings; name = English; path = English.lproj/InfoPlist.strings; sourceTree = "<group>"; };
		B214E6660959DA6F00A347C1 /* FidtrackFinder.cpp */ = {isa = PBXFileReference; explicitFileType = sourcecode.cpp.objcpp; fileEncoding = 30; name = FidtrackFinder.cpp; path = ../common/FidtrackFinder.cpp; sourceTree = SOURCE_ROOT; };
		B214E6670959DA6F00A347C1 /* FidtrackFinder.h */ = {isa = PBXFileReference; fileEncoding = 30; lastKnownFileType = sourcecode.c.h; name = FidtrackFinder.h; path = ../common/FidtrackFinder.h; sourceTree = SOURCE_ROOT; };
		B214E66C0959DA6F00A347C1 /* FrameThresholder.cpp */ = {isa = PBXFileReference; explicitFileType = sourcecode.cpp.objcpp; fileEncoding = 30; name = FrameThresholder.cpp; path = ../common/FrameThresholder.cpp; sourceTree = SOURCE_ROOT; };
		B214E66D0959DA6F00A347C1 /* FrameThresholder.h */ = {isa = PBXFileReference; fileEncoding = 30; lastKnownFileType = sourcecode.c.h; name = FrameThresholder.h; path = ../common/FrameThresholder.h; sourceTree = SOURCE_ROOT; };
		B214E66E0959DA6F00A347C1 /* Main.cpp */ = {isa = PBXFileReference; explicitFileType = sourcecode.cpp.objcpp; fileEncoding = 30; name = Main.cpp; path = ../common/Main.cpp; sourceTree = SOURCE_ROOT; };
		B2208519078AFC3D0047913B /* FiducialFinder.cpp */ = {isa = PBXFileReference; explicitFileType = sourcecode.cpp.objcpp; fileEncoding = 30; name = FiducialFinder.cpp; path = ../common/FiducialFinder.cpp; sourceTree = SOURCE_ROOT; };
		B220851A078AFC3D0047913B /* FiducialFinder.h */ = {isa = PBXFileReference; fileEncoding = 30; lastKnownFileType = sourcecode.c.h; name = FiducialFinder.h; path = ../common/FiducialFinder.h; sourceTree = SOURCE_ROOT; };
		B24EA4F20015EB5000096D13 /* Cocoa.framework */ = {isa = PBXFileReference; lastKnownFileType = wrapper.framework; name = Cocoa.framework; path = /System/Library/Frameworks/Cocoa.framework; sourceTree = "<absolute>"; };
		B2505B710ACC635B007C21BB /* CalibrationEngine.cpp */ = {isa = PBXFileReference; explicitFileType = sourcecode.cpp.objcpp; fileEncoding = 30; name = CalibrationEngine.cpp; path = ../common/CalibrationEngine.cpp; sourceTree = SOURCE_ROOT; };
		B2505B720ACC635B007C21BB /* CalibrationEngine.h */ = {isa = PBXFileReference; fileEncoding = 30; lastKnownFileType = sourcecode.c.h; name = CalibrationEngine.h; path = ../common/CalibrationEngine.h; sourceTree = SOURCE_ROOT; };
		B260492208E9BF4B0095D4C8 /* reacTIVision.icns */ = {isa = PBXFileReference; lastKnownFileType = image.icns; path = reacTIVision.icns; sourceTree = SOURCE_ROOT; };
		B260492408E9BF610095D4C8 /* dump_graph.c */ = {isa = PBXFileReference; fileEncoding = 30; lastKnownFileType = sourcecode.c.c; name = dump_graph.c; path = ../ext/libfidtrack/dump_graph.c; sourceTree = SOURCE_ROOT; };
		B260492508E9BF610095D4C8 /* dump_graph.h */ = {isa = PBXFileReference; fileEncoding = 30; lastKnownFileType = sourcecode.c.h; name = dump_graph.h; path = ../ext/libfidtrack/dump_graph.h; sourceTree = SOURCE_ROOT; };
		B260492808E9BF610095D4C8 /* fidtrackX.c */ = {isa = PBXFileReference; fileEncoding = 30; lastKnownFileType = sourcecode.c.c; name = fidtrackX.c; path = ../ext/libfidtrack/fidtrackX.c; sourceTree = SOURCE_ROOT; };
		B260492908E9BF610095D4C8 /* fidtrackX.h */ = {isa = PBXFileReference; fileEncoding = 30; lastKnownFileType = sourcecode.c.h; name = fidtrackX.h; path = ../ext/libfidtrack/fidtrackX.h; sourceTree = SOURCE_ROOT; };
		B260492A08E9BF620095D4C8 /* floatpoint.h */ = {isa = PBXFileReference; fileEncoding = 30; lastKnownFileType = sourcecode.c.h; name = floatpoint.h; path = ../ext/libfidtrack/floatpoint.h; sourceTree = SOURCE_ROOT; };
		B260492B08E9BF620095D4C8 /* segment.c */ = {isa = PBXFileReference; fileEncoding = 30; lastKnownFileType = sourcecode.c.c; name = segment.c; path = ../ext/libfidtrack/segment.c; sourceTree = SOURCE_ROOT; };
		B260492C08E9BF620095D4C8 /* segment.h */ = {isa = PBXFileReference; fileEncoding = 30; lastKnownFileType = sourcecode.c.h; name = segment.h; path = ../ext/libfidtrack/segment.h; sourceTree = SOURCE_ROOT; };
		B260492F08E9BF620095D4C8 /* tiled_bernsen_threshold.c */ = {isa = PBXFileReference; fileEncoding = 30; lastKnownFileType = sourcecode.c.c; name = tiled_bernsen_threshold.c; path = ../ext/libfidtrack/tiled_bernsen_threshold.c; sourceTree = SOURCE_ROOT; };
		B260493008E9BF620095D4C8 /* tiled_bernsen_threshold.h */ = {isa = PBXFileReference; fileEncoding = 30; lastKnownFileType = sourcecode.c.h; name = tiled_bernsen_threshold.h; path = ../ext/libfidtrack/tiled_bernsen_threshold.h; sourceTree = SOURCE_ROOT; };
		B260493108E9BF620095D4C8 /* topologysearch.c */ = {isa = PBXFileReference; fileEncoding = 30; lastKnownFileType = sourcecode.c.c; name = topologysearch.c; path = ../ext/libfidtrack/topologysearch.c; sourceTree = SOURCE_ROOT; };
		B260493208E9BF620095D4C8 /* topologysearch.h */ = {isa = PBXFileReference; fileEncoding = 30; lastKnownFileType = sourcecode.c.h; name = topologysearch.h; path = ../ext/libfidtrack/topologysearch.h; sourceTree = SOURCE_ROOT; };
		B260493308E9BF620095D4C8 /* treeidmap.cpp */ = {isa = PBXFileReference; fileEncoding = 30; lastKnownFileType = sourcecode.cpp.cpp; name = treeidmap.cpp; path = ../ext/libfidtrack/treeidmap.cpp; sourceTree = SOURCE_ROOT; };
		B260493408E9BF620095D4C8 /* treeidmap.h */ = {isa = PBXFileReference; fileEncoding = 30; lastKnownFileType = sourcecode.c.h; name = treeidmap.h; path = ../ext/libfidtrack/treeidmap.h; sourceTree = SOURCE_ROOT; };
		B260494608E9BF7E0095D4C8 /* IpEndpointName.cpp */ = {isa = PBXFileReference; fileEncoding = 30; lastKnownFileType = sourcecode.cpp.cpp; name = IpEndpointName.cpp; path = ../ext/oscpack/ip/IpEndpointName.cpp; sourceTree = SOURCE_ROOT; };
		B260494708E9BF7E0095D4C8 /* IpEndpointName.h */ = {isa = PBXFileReference; fileEncoding = 30; lastKnownFileType = sourcecode.c.h; name = IpEndpointName.h; path = ../ext/oscpack/ip/IpEndpointName.h; sourceTree = SOURCE_ROOT; };
		B260494808E9BF7E0095D4C8 /* NetworkingUtils.h */ = {isa = PBXFileReference; fileEncoding = 30; lastKnownFileType = sourcecode.c.h; name = NetworkingUtils.h; path = ../ext/oscpack/ip/NetworkingUtils.h; sourceTree = SOURCE_ROOT; };
		B260494908E9BF7E0095D4C8 /* PacketListener.h */ = {isa = PBXFileReference; fileEncoding = 30; lastKnownFileType = sourcecode.c.h; name = PacketListener.h; path = ../ext/oscpack/ip/PacketListener.h; sourceTree = SOURCE_ROOT; };
		B260494E08E9BF900095D4C8 /* TimerListener.h */ = {isa = PBXFileReference; fileEncoding = 30; lastKnownFileType = sourcecode.c.h; name = TimerListener.h; path = ../ext/oscpack/ip/TimerListener.h; sourceTree = SOURCE_ROOT; };
		B260494F08E9BF900095D4C8 /* UdpSocket.h */ = {isa = PBXFileReference; fileEncoding = 30; lastKnownFileType = sourcecode.c.h; name = UdpSocket.h; path = ../ext/oscpack/ip/UdpSocket.h; sourceTree = SOURCE_ROOT; };
		B260495208E9BFA80095D4C8 /* NetworkingUtils.cpp */ = {isa = PBXFileReference; fileEncoding = 30; lastKnownFileType = sourcecode.cpp.cpp; name = NetworkingUtils.cpp; path = ../ext/oscpack/ip/posix/NetworkingUtils.cpp; sourceTree = SOURCE_ROOT; };
		B260495308E9BFA80095D4C8 /* UdpSocket.cpp */ = {isa = PBXFileReference; fileEncoding = 30; lastKnownFileType = sourcecode.cpp.cpp; name = UdpSocket.cpp; path = ../ext/oscpack/ip/posix/UdpSocket.cpp; sourceTree = SOURCE_ROOT; };
		B260495608E9BFC00095D4C8 /* MessageMappingOscPacketListener.h */ = {isa = PBXFileReference; fileEncoding = 30; lastKnownFileType = sourcecode.c.h; name = MessageMappingOscPacketListener.h; path = ../ext/oscpack/osc/MessageMappingOscPacketListener.h; sourceTree = SOURCE_ROOT; };
		B260495808E9BFC00095D4C8 /* OscException.h */ = {isa = PBXFileReference; fileEncoding = 30; lastKnownFileType = sourcecode.c.h; name = OscException.h; path = ../ext/oscpack/osc/OscException.h; sourceTree = SOURCE_ROOT; };
		B260495908E9BFC00095D4C8 /* OscHostEndianness.h */ = {isa = PBXFileReference; fileEncoding = 30; lastKnownFileType = sourcecode.c.h; name = OscHostEndianness.h; path = ../ext/oscpack/osc/OscHostEndianness.h; sourceTree = SOURCE_ROOT; };
		B260495A08E9BFC00095D4C8 /* OscOutboundPacketStream.cpp */ = {isa = PBXFileReference; fileEncoding = 30; lastKnownFileType = sourcecode.cpp.cpp; name = OscOutboundPacketStream.cpp; path = ../ext/oscpack/osc/OscOutboundPacketStream.cpp; sourceTree = SOURCE_ROOT; };
		B260495B08E9BFC00095D4C8 /* OscOutboundPacketStream.h */ = {isa = PBXFileReference; fileEncoding = 30; lastKnownFileType = sourcecode.c.h; name = OscOutboundPacketStream.h; path = ../ext/oscpack/osc/OscOutboundPacketStream.h; sourceTree = SOURCE_ROOT; };
		B260495C08E9BFC00095D4C8 /* OscPacketListener.h */ = {isa = PBXFileReference; fileEncoding = 30; lastKnownFileType = sourcecode.c.h; name = OscPacketListener.h; path = ../ext/oscpack/osc/OscPacketListener.h; sourceTree = SOURCE_ROOT; };
		B260495D08E9BFC00095D4C8 /* OscPrintReceivedElements.cpp */ = {isa = PBXFileReference; fileEncoding = 30; lastKnownFileType = sourcecode.cpp.cpp; name = OscPrintReceivedElements.cpp; path = ../ext/oscpack/osc/OscPrintReceivedElements.cpp; sourceTree = SOURCE_ROOT; };
		B260495E08E9BFC00095D4C8 /* OscPrintReceivedElements.h */ = {isa = PBXFileReference; fileEncoding = 30; lastKnownFileType = sourcecode.c.h; name = OscPrintReceivedElements.h; path = ../ext/oscpack/osc/OscPrintReceivedElements.h; sourceTree = SOURCE_ROOT; };
		B260495F08E9BFC00095D4C8 /* OscReceivedElements.cpp */ = {isa = PBXFileReference; fileEncoding = 30; lastKnownFileType = sourcecode.cpp.cpp; name = OscReceivedElements.cpp; path = ../ext/oscpack/osc/OscReceivedElements.cpp; sourceTree = SOURCE_ROOT; };
		B260496008E9BFC00095D4C8 /* OscReceivedElements.h */ = {isa = PBXFileReference; fileEncoding = 30; lastKnownFileType = sourcecode.c.h; name = OscReceivedElements.h; path = ../ext/oscpack/osc/OscReceivedElements.h; sourceTree = SOURCE_ROOT; };
		B260496508E9BFC00095D4C8 /* OscTypes.cpp */ = {isa = PBXFileReference; fileEncoding = 30; lastKnownFileType = sourcecode.cpp.cpp; name = OscTypes.cpp; path = ../ext/oscpack/osc/OscTypes.cpp; sourceTree = SOURCE_ROOT; };
		B260496608E9BFC00095D4C8 /* OscTypes.h */ = {isa = PBXFileReference; fileEncoding = 30; lastKnownFileType = sourcecode.c.h; name = OscTypes.h; path = ../ext/oscpack/osc/OscTypes.h; sourceTree = SOURCE_ROOT; };
		B265CD091C8D866E00048220 /* FlashSender.cpp */ = {isa = PBXFileReference; fileEncoding = 4; lastKnownFileType = sourcecode.cpp.cpp; name = FlashSender.cpp; path = ../ext/tuio/FlashSender.cpp; sourceTree = SOURCE_ROOT; };
		B265CD0A1C8D866E00048220 /* FlashSender.h */ = {isa = PBXFileReference; fileEncoding = 4; lastKnownFileType = sourcecode.c.h; name = FlashSender.h; path = ../ext/tuio/FlashSender.h; sourceTree = SOURCE_ROOT; };
		B265CD0B1C8D866E00048220 /* LibExport.h */ = {isa = PBXFileReference; fileEncoding = 4; lastKnownFileType = sourcecode.c.h; name = LibExport.h; path = ../ext/tuio/LibExport.h; sourceTree = SOURCE_ROOT; };
		B265CD0C1C8D866E00048220 /* OneEuroFilter.cpp */ = {isa = PBXFileReference; fileEncoding = 4; lastKnownFileType = sourcecode.cpp.cpp; name = OneEuroFilter.cpp; path = ../ext/tuio/OneEuroFilter.cpp; sourceTree = SOURCE_ROOT; };
		B265CD0D1C8D866E00048220 /* OneEuroFilter.h */ = {isa = PBXFileReference; fileEncoding = 4; lastKnownFileType = sourcecode.c.h; name = OneEuroFilter.h; path = ../ext/tuio/OneEuroFilter.h; sourceTree = SOURCE_ROOT; };
		B265CD0F1C8D866E00048220 /* OscSender.h */ = {isa = PBXFileReference; fileEncoding = 4; lastKnownFileType = sourcecode.c.h; name = OscSender.h; path = ../ext/tuio/OscSender.h; sourceTree = SOURCE_ROOT; };
		B265CD101C8D866E00048220 /* TcpSender.cpp */ = {isa = PBXFileReference; fileEncoding = 4; lastKnownFileType = sourcecode.cpp.cpp; name = TcpSender.cpp; path = ../ext/tuio/TcpSender.cpp; sourceTree = SOURCE_ROOT; };
		B265CD111C8D866E00048220 /* TcpSender.h */ = {isa = PBXFileReference; fileEncoding = 4; lastKnownFileType = sourcecode.c.h; name = TcpSender.h; path = ../ext/tuio/TcpSender.h; sourceTree = SOURCE_ROOT; };
		B265CD121C8D866E00048220 /* TuioBlob.cpp */ = {isa = PBXFileReference; fileEncoding = 4; lastKnownFileType = sourcecode.cpp.cpp; name = TuioBlob.cpp; path = ../ext/tuio/TuioBlob.cpp; sourceTree = SOURCE_ROOT; };
		B265CD131C8D866E00048220 /* TuioBlob.h */ = {isa = PBXFileReference; fileEncoding = 4; lastKnownFileType = sourcecode.c.h; name = TuioBlob.h; path = ../ext/tuio/TuioBlob.h; sourceTree = SOURCE_ROOT; };
		B265CD141C8D866E00048220 /* TuioContainer.cpp */ = {isa = PBXFileReference; fileEncoding = 4; lastKnownFileType = sourcecode.cpp.cpp; name = TuioContainer.cpp; path = ../ext/tuio/TuioContainer.cpp; sourceTree = SOURCE_ROOT; };
		B265CD151C8D866E00048220 /* TuioContainer.h */ = {isa = PBXFileReference; fileEncoding = 4; lastKnownFileType = sourcecode.c.h; name = TuioContainer.h; path = ../ext/tuio/TuioContainer.h; sourceTree = SOURCE_ROOT; };
		B265CD161C8D866E00048220 /* TuioCursor.cpp */ = {isa = PBXFileReference; fileEncoding = 4; lastKnownFileType = sourcecode.cpp.cpp; name = TuioCursor.cpp; path = ../ext/tuio/TuioCursor.cpp; sourceTree = SOURCE_ROOT; };
		B265CD171C8D866E00048220 /* TuioCursor.h */ = {isa = PBXFileReference; fileEncoding = 4; lastKnownFileType = sourcecode.c.h; name = TuioCursor.h; path = ../ext/tuio/TuioCursor.h; sourceTree = SOURCE_ROOT; };
		B265CD181C8D866E00048220 /* TuioDispatcher.cpp */ = {isa = PBXFileReference; fileEncoding = 4; lastKnownFileType = sourcecode.cpp.cpp; name = TuioDispatcher.cpp; path = ../ext/tuio/TuioDispatcher.cpp; sourceTree = SOURCE_ROOT; };
		B265CD191C8D866E00048220 /* TuioDispatcher.h */ = {isa = PBXFileReference; fileEncoding = 4; lastKnownFileType = sourcecode.c.h; name = TuioDispatcher.h; path = ../ext/tuio/TuioDispatcher.h; sourceTree = SOURCE_ROOT; };
		B265CD1A1C8D866E00048220 /* TuioListener.h */ = {isa = PBXFileReference; fileEncoding = 4; lastKnownFileType = sourcecode.c.h; name = TuioListener.h; path = ../ext/tuio/TuioListener.h; sourceTree = SOURCE_ROOT; };
		B265CD1B1C8D866E00048220 /* TuioManager.cpp */ = {isa = PBXFileReference; fileEncoding = 4; lastKnownFileType = sourcecode.cpp.cpp; name = TuioManager.cpp; path = ../ext/tuio/TuioManager.cpp; sourceTree = SOURCE_ROOT; };
		B265CD1C1C8D866E00048220 /* TuioManager.h */ = {isa = PBXFileReference; fileEncoding = 4; lastKnownFileType = sourcecode.c.h; name = TuioManager.h; path = ../ext/tuio/TuioManager.h; sourceTree = SOURCE_ROOT; };
		B265CD1D1C8D866E00048220 /* TuioObject.cpp */ = {isa = PBXFileReference; fileEncoding = 4; lastKnownFileType = sourcecode.cpp.cpp; name = TuioObject.cpp; path = ../ext/tuio/TuioObject.cpp; sourceTree = SOURCE_ROOT; };
		B265CD1E1C8D866E00048220 /* TuioObject.h */ = {isa = PBXFileReference; fileEncoding = 4; lastKnownFileType = sourcecode.c.h; name = TuioObject.h; path = ../ext/tuio/TuioObject.h; sourceTree = SOURCE_ROOT; };
		B265CD1F1C8D866E00048220 /* TuioPoint.cpp */ = {isa = PBXFileReference; fileEncoding = 4; lastKnownFileType = sourcecode.cpp.cpp; name = TuioPoint.cpp; path = ../ext/tuio/TuioPoint.cpp; sourceTree = SOURCE_ROOT; };
		B265CD201C8D866E00048220 /* TuioPoint.h */ = {isa = PBXFileReference; fileEncoding = 4; lastKnownFileType = sourcecode.c.h; name = TuioPoint.h; path = ../ext/tuio/TuioPoint.h; sourceTree = SOURCE_ROOT; };
		B265CD211C8D866E00048220 /* TuioServer.cpp */ = {isa = PBXFileReference; fileEncoding = 4; lastKnownFileType = sourcecode.cpp.cpp; name = TuioServer.cpp; path = ../ext/tuio/TuioServer.cpp; sourceTree = SOURCE_ROOT; };
		B265CD221C8D866E00048220 /* TuioServer.h */ = {isa = PBXFileReference; fileEncoding = 4; lastKnownFileType = sourcecode.c.h; name = TuioServer.h; path = ../ext/tuio/TuioServer.h; sourceTree = SOURCE_ROOT; };
		B265CD231C8D866E00048220 /* TuioTime.cpp */ = {isa = PBXFileReference; fileEncoding = 4; lastKnownFileType = sourcecode.cpp.cpp; name = TuioTime.cpp; path = ../ext/tuio/TuioTime.cpp; sourceTree = SOURCE_ROOT; };
		B265CD241C8D866E00048220 /* TuioTime.h */ = {isa = PBXFileReference; fileEncoding = 4; lastKnownFileType = sourcecode.c.h; name = TuioTime.h; path = ../ext/tuio/TuioTime.h; sourceTree = SOURCE_ROOT; };
		B265CD251C8D866E00048220 /* UdpSender.cpp */ = {isa = PBXFileReference; fileEncoding = 4; lastKnownFileType = sourcecode.cpp.cpp; name = UdpSender.cpp; path = ../ext/tuio/UdpSender.cpp; sourceTree = SOURCE_ROOT; };
		B265CD261C8D866E00048220 /* UdpSender.h */ = {isa = PBXFileReference; fileEncoding = 4; lastKnownFileType = sourcecode.c.h; name = UdpSender.h; path = ../ext/tuio/UdpSender.h; sourceTree = SOURCE_ROOT; };
		B265CD271C8D866E00048220 /* WebSockSender.cpp */ = {isa = PBXFileReference; fileEncoding = 4; lastKnownFileType = sourcecode.cpp.cpp; name = WebSockSender.cpp; path = ../ext/tuio/WebSockSender.cpp; sourceTree = SOURCE_ROOT; };
		B265CD281C8D866E00048220 /* WebSockSender.h */ = {isa = PBXFileReference; fileEncoding = 4; lastKnownFileType = sourcecode.c.h; name = WebSockSender.h; path = ../ext/tuio/WebSockSender.h; sourceTree = SOURCE_ROOT; };
		B265CD381C8D869000048220 /* tinyxml2.cpp */ = {isa = PBXFileReference; fileEncoding = 4; lastKnownFileType = sourcecode.cpp.cpp; name = tinyxml2.cpp; path = ../ext/portvideo/tinyxml/tinyxml2.cpp; sourceTree = SOURCE_ROOT; };
		B265CD391C8D869000048220 /* tinyxml2.h */ = {isa = PBXFileReference; fileEncoding = 4; lastKnownFileType = sourcecode.c.h; name = tinyxml2.h; path = ../ext/portvideo/tinyxml/tinyxml2.h; sourceTree = SOURCE_ROOT; };
		B265CD3B1C8D86A500048220 /* CameraEngine.cpp */ = {isa = PBXFileReference; explicitFileType = sourcecode.cpp.objcpp; fileEncoding = 4; name = CameraEngine.cpp; path = ../ext/portvideo/common/CameraEngine.cpp; sourceTree = SOURCE_ROOT; };
		B265CD3C1C8D86A500048220 /* CameraEngine.h */ = {isa = PBXFileReference; fileEncoding = 4; lastKnownFileType = sourcecode.c.h; name = CameraEngine.h; path = ../ext/portvideo/common/CameraEngine.h; sourceTree = SOURCE_ROOT; };
		B265CD3D1C8D86A500048220 /* CameraTool.cpp */ = {isa = PBXFileReference; explicitFileType = sourcecode.cpp.objcpp; fileEncoding = 4; name = CameraTool.cpp; path = ../ext/portvideo/common/CameraTool.cpp; sourceTree = SOURCE_ROOT; };
		B265CD3E1C8D86A500048220 /* CameraTool.h */ = {isa = PBXFileReference; fileEncoding = 4; lastKnownFileType = sourcecode.c.h; name = CameraTool.h; path = ../ext/portvideo/common/CameraTool.h; sourceTree = SOURCE_ROOT; };
		B265CD3F1C8D86A500048220 /* ConsoleInterface.cpp */ = {isa = PBXFileReference; explicitFileType = sourcecode.cpp.objcpp; fileEncoding = 4; name = ConsoleInterface.cpp; path = ../ext/portvideo/common/ConsoleInterface.cpp; sourceTree = SOURCE_ROOT; };
		B265CD401C8D86A500048220 /* ConsoleInterface.h */ = {isa = PBXFileReference; fileEncoding = 4; lastKnownFileType = sourcecode.c.h; name = ConsoleInterface.h; path = ../ext/portvideo/common/ConsoleInterface.h; sourceTree = SOURCE_ROOT; };
		B265CD411C8D86A500048220 /* FileCamera.cpp */ = {isa = PBXFileReference; explicitFileType = sourcecode.cpp.objcpp; fileEncoding = 4; name = FileCamera.cpp; path = ../ext/portvideo/common/FileCamera.cpp; sourceTree = SOURCE_ROOT; };
		B265CD421C8D86A500048220 /* FileCamera.h */ = {isa = PBXFileReference; fileEncoding = 4; lastKnownFileType = sourcecode.c.h; name = FileCamera.h; path = ../ext/portvideo/common/FileCamera.h; sourceTree = SOURCE_ROOT; };
		B265CD431C8D86A500048220 /* FolderCamera.cpp */ = {isa = PBXFileReference; explicitFileType = sourcecode.cpp.objcpp; fileEncoding = 4; name = FolderCamera.cpp; path = ../ext/portvideo/common/FolderCamera.cpp; sourceTree = SOURCE_ROOT; };
		B265CD441C8D86A500048220 /* FolderCamera.h */ = {isa = PBXFileReference; fileEncoding = 4; lastKnownFileType = sourcecode.c.h; name = FolderCamera.h; path = ../ext/portvideo/common/FolderCamera.h; sourceTree = SOURCE_ROOT; };
		B265CD451C8D86A500048220 /* FrameProcessor.h */ = {isa = PBXFileReference; fileEncoding = 4; lastKnownFileType = sourcecode.c.h; name = FrameProcessor.h; path = ../ext/portvideo/common/FrameProcessor.h; sourceTree = SOURCE_ROOT; };
		B265CD461C8D86A500048220 /* RingBuffer.cpp */ = {isa = PBXFileReference; explicitFileType = sourcecode.cpp.objcpp; fileEncoding = 4; name = RingBuffer.cpp; path = ../ext/portvideo/common/RingBuffer.cpp; sourceTree = SOURCE_ROOT; };
		B265CD471C8D86A500048220 /* RingBuffer.h */ = {isa = PBXFileReference; fileEncoding = 4; lastKnownFileType = sourcecode.c.h; name = RingBuffer.h; path = ../ext/portvideo/common/RingBuffer.h; sourceTree = SOURCE_ROOT; };
		B265CD481C8D86A500048220 /* UserInterface.h */ = {isa = PBXFileReference; fileEncoding = 4; lastKnownFileType = sourcecode.c.h; name = UserInterface.h; path = ../ext/portvideo/common/UserInterface.h; sourceTree = SOURCE_ROOT; };
		B265CD491C8D86A500048220 /* VisionEngine.cpp */ = {isa = PBXFileReference; explicitFileType = sourcecode.cpp.objcpp; fileEncoding = 4; name = VisionEngine.cpp; path = ../ext/portvideo/common/VisionEngine.cpp; sourceTree = SOURCE_ROOT; };
		B265CD4A1C8D86A500048220 /* VisionEngine.h */ = {isa = PBXFileReference; fileEncoding = 4; lastKnownFileType = sourcecode.c.h; name = VisionEngine.h; path = ../ext/portvideo/common/VisionEngine.h; sourceTree = SOURCE_ROOT; };
		B265CD521C8D86B700048220 /* Resources.c */ = {isa = PBXFileReference; fileEncoding = 4; lastKnownFileType = sourcecode.c.c; name = Resources.c; path = ../ext/portvideo/interface/Resources.c; sourceTree = SOURCE_ROOT; };
		B265CD531C8D86B700048220 /* Resources.h */ = {isa = PBXFileReference; fileEncoding = 4; lastKnownFileType = sourcecode.c.h; name = Resources.h; path = ../ext/portvideo/interface/Resources.h; sourceTree = SOURCE_ROOT; };
		B265CD541C8D86B700048220 /* SDLinterface.cpp */ = {isa = PBXFileReference; explicitFileType = sourcecode.cpp.objcpp; fileEncoding = 4; name = SDLinterface.cpp; path = ../ext/portvideo/interface/SDLinterface.cpp; sourceTree = SOURCE_ROOT; };
		B265CD551C8D86B700048220 /* SDLinterface.h */ = {isa = PBXFileReference; fileEncoding = 4; lastKnownFileType = sourcecode.c.h; name = SDLinterface.h; path = ../ext/portvideo/interface/SDLinterface.h; sourceTree = SOURCE_ROOT; };
		B265CD581C8D86CE00048220 /* PS3EyeCamera.cpp */ = {isa = PBXFileReference; explicitFileType = sourcecode.cpp.objcpp; fileEncoding = 4; name = PS3EyeCamera.cpp; path = ../ext/portvideo/macosx/PS3EyeCamera.cpp; sourceTree = SOURCE_ROOT; };
		B265CD591C8D86CE00048220 /* PS3EyeCamera.h */ = {isa = PBXFileReference; fileEncoding = 4; lastKnownFileType = sourcecode.c.h; name = PS3EyeCamera.h; path = ../ext/portvideo/macosx/PS3EyeCamera.h; sourceTree = SOURCE_ROOT; };
		B265CD5A1C8D86CE00048220 /* QTKitCamera.h */ = {isa = PBXFileReference; fileEncoding = 4; lastKnownFileType = sourcecode.c.h; name = QTKitCamera.h; path = ../ext/portvideo/macosx/QTKitCamera.h; sourceTree = SOURCE_ROOT; };
		B265CD5B1C8D86CE00048220 /* QTKitCamera.mm */ = {isa = PBXFileReference; fileEncoding = 4; lastKnownFileType = sourcecode.cpp.objcpp; name = QTKitCamera.mm; path = ../ext/portvideo/macosx/QTKitCamera.mm; sourceTree = SOURCE_ROOT; };
		B265CD5E1C8D86DC00048220 /* DC1394Camera.cpp */ = {isa = PBXFileReference; explicitFileType = sourcecode.cpp.objcpp; fileEncoding = 4; name = DC1394Camera.cpp; path = ../ext/portvideo/linux/DC1394Camera.cpp; sourceTree = SOURCE_ROOT; };
		B265CD5F1C8D86DC00048220 /* DC1394Camera.h */ = {isa = PBXFileReference; fileEncoding = 4; lastKnownFileType = sourcecode.c.h; name = DC1394Camera.h; path = ../ext/portvideo/linux/DC1394Camera.h; sourceTree = SOURCE_ROOT; };
		B265CD611C8D86F200048220 /* BlobMatrix.cpp */ = {isa = PBXFileReference; explicitFileType = sourcecode.cpp.objcpp; fileEncoding = 4; name = BlobMatrix.cpp; path = ../common/BlobMatrix.cpp; sourceTree = SOURCE_ROOT; };
		B265CD621C8D86F200048220 /* BlobMatrix.h */ = {isa = PBXFileReference; fileEncoding = 4; lastKnownFileType = sourcecode.c.h; name = BlobMatrix.h; path = ../common/BlobMatrix.h; sourceTree = SOURCE_ROOT; };
		B265CD631C8D86F200048220 /* BlobObject.cpp */ = {isa = PBXFileReference; explicitFileType = sourcecode.cpp.objcpp; fileEncoding = 4; name = BlobObject.cpp; path = ../common/BlobObject.cpp; sourceTree = SOURCE_ROOT; };
		B265CD641C8D86F200048220 /* BlobObject.h */ = {isa = PBXFileReference; fileEncoding = 4; lastKnownFileType = sourcecode.c.h; name = BlobObject.h; path = ../common/BlobObject.h; sourceTree = SOURCE_ROOT; };
		B265CD651C8D86F200048220 /* Main.h */ = {isa = PBXFileReference; fileEncoding = 4; lastKnownFileType = sourcecode.c.h; name = Main.h; path = ../common/Main.h; sourceTree = SOURCE_ROOT; };
		B265CD711C8D874900048220 /* libusb.h */ = {isa = PBXFileReference; fileEncoding = 4; lastKnownFileType = sourcecode.c.h; name = libusb.h; path = ../ext/portvideo/macosx/ps3eye/libusb.h; sourceTree = SOURCE_ROOT; };
		B265CD721C8D874900048220 /* ps3eye.cpp */ = {isa = PBXFileReference; fileEncoding = 4; lastKnownFileType = sourcecode.cpp.cpp; name = ps3eye.cpp; path = ../ext/portvideo/macosx/ps3eye/ps3eye.cpp; sourceTree = SOURCE_ROOT; };
		B265CD731C8D874900048220 /* ps3eye.h */ = {isa = PBXFileReference; fileEncoding = 4; lastKnownFileType = sourcecode.c.h; name = ps3eye.h; path = ../ext/portvideo/macosx/ps3eye/ps3eye.h; sourceTree = SOURCE_ROOT; };
		B265CDE51C8D8C5000048220 /* libusb.a */ = {isa = PBXFileReference; lastKnownFileType = archive.ar; name = libusb.a; path = ../ext/portvideo/macosx/dc1394/libusb.a; sourceTree = SOURCE_ROOT; };
		B26725ED0C5E3FD100D7FD74 /* IOKit.framework */ = {isa = PBXFileReference; lastKnownFileType = wrapper.framework; name = IOKit.framework; path = ../../../../../../../System/Library/Frameworks/IOKit.framework; sourceTree = SOURCE_ROOT; };
		B26E016B19C9AD5F00F0CBCB /* SDL2.framework */ = {isa = PBXFileReference; lastKnownFileType = wrapper.framework; name = SDL2.framework; path = ../ext/portvideo/macosx/Frameworks/SDL2.framework; sourceTree = SOURCE_ROOT; };
		B282A34C0CD756B500657CDA /* camera.xml */ = {isa = PBXFileReference; fileEncoding = 4; lastKnownFileType = text.xml; path = camera.xml; sourceTree = SOURCE_ROOT; };
		B2884A770A2CF0E800AFF79A /* CalibrationGrid.cpp */ = {isa = PBXFileReference; explicitFileType = sourcecode.cpp.objcpp; fileEncoding = 30; name = CalibrationGrid.cpp; path = ../common/CalibrationGrid.cpp; sourceTree = SOURCE_ROOT; };
		B2884A780A2CF0E800AFF79A /* CalibrationGrid.h */ = {isa = PBXFileReference; fileEncoding = 30; lastKnownFileType = sourcecode.c.h; name = CalibrationGrid.h; path = ../common/CalibrationGrid.h; sourceTree = SOURCE_ROOT; };
		B297D3EC097536E3004AB0FE /* Info.plist */ = {isa = PBXFileReference; lastKnownFileType = text.plist.xml; path = Info.plist; sourceTree = "<group>"; };
		B297D3ED097536E3004AB0FE /* reacTIVision.app */ = {isa = PBXFileReference; explicitFileType = wrapper.application; includeInIndex = 0; path = reacTIVision.app; sourceTree = BUILT_PRODUCTS_DIR; };
		B29F24C719E0113400C8428D /* QuickTime.framework */ = {isa = PBXFileReference; lastKnownFileType = wrapper.framework; name = QuickTime.framework; path = System/Library/Frameworks/QuickTime.framework; sourceTree = SDKROOT; };
		B2AEE8EB0DE5D15C00D51856 /* reacTIVision.xml */ = {isa = PBXFileReference; fileEncoding = 4; lastKnownFileType = text.xml; path = reacTIVision.xml; sourceTree = SOURCE_ROOT; };
		B2B6BE9B19C45A66005B7174 /* QTKit.framework */ = {isa = PBXFileReference; lastKnownFileType = wrapper.framework; name = QTKit.framework; path = System/Library/Frameworks/QTKit.framework; sourceTree = SDKROOT; };
		B2B6BEA819C45AB1005B7174 /* QuartzCore.framework */ = {isa = PBXFileReference; lastKnownFileType = wrapper.framework; name = QuartzCore.framework; path = System/Library/Frameworks/QuartzCore.framework; sourceTree = SDKROOT; };
		B2CA60030CD623FA00B46958 /* libdc1394.a */ = {isa = PBXFileReference; lastKnownFileType = archive.ar; name = libdc1394.a; path = ../ext/portvideo/macosx/dc1394/libdc1394.a; sourceTree = SOURCE_ROOT; };
		B2CAC0B119CC3E94003AC356 /* reacTIVision.png */ = {isa = PBXFileReference; lastKnownFileType = image.png; name = reacTIVision.png; path = ../linux/reacTIVision.png; sourceTree = "<group>"; };
		B2E6096D08EAE57D00136A11 /* FiducialObject.h */ = {isa = PBXFileReference; fileEncoding = 30; lastKnownFileType = sourcecode.c.h; name = FiducialObject.h; path = ../common/FiducialObject.h; sourceTree = SOURCE_ROOT; };
		B2E6C8790C9AE9BB0018A29E /* CoreFoundation.framework */ = {isa = PBXFileReference; lastKnownFileType = wrapper.framework; name = CoreFoundation.framework; path = /System/Library/Frameworks/CoreFoundation.framework; sourceTree = "<absolute>"; };
		B2E9BB3A09D0D2C1005DF348 /* CoreMIDI.framework */ = {isa = PBXFileReference; lastKnownFileType = wrapper.framework; name = CoreMIDI.framework; path = /System/Library/Frameworks/CoreMIDI.framework; sourceTree = "<absolute>"; };
		B2E9BB3F09D0D2E0005DF348 /* CoreAudio.framework */ = {isa = PBXFileReference; lastKnownFileType = wrapper.framework; name = CoreAudio.framework; path = /System/Library/Frameworks/CoreAudio.framework; sourceTree = "<absolute>"; };
		B2F3467B095B506D00D300A5 /* default_trees.h */ = {isa = PBXFileReference; fileEncoding = 30; lastKnownFileType = sourcecode.c.h; name = default_trees.h; path = ../ext/libfidtrack/default_trees.h; sourceTree = SOURCE_ROOT; };
/* End PBXFileReference section */

/* Begin PBXFrameworksBuildPhase section */
		B297D3E3097536E2004AB0FE /* Frameworks */ = {
			isa = PBXFrameworksBuildPhase;
			buildActionMask = 2147483647;
			files = (
				B2CA60040CD623FA00B46958 /* libdc1394.a in Frameworks */,
				B2E9BB3B09D0D2C1005DF348 /* CoreMIDI.framework in Frameworks */,
				B2E9BB4009D0D2E0005DF348 /* CoreAudio.framework in Frameworks */,
				B24EA4F30015EB5000096D13 /* Cocoa.framework in Frameworks */,
				B26E016C19C9AD5F00F0CBCB /* SDL2.framework in Frameworks */,
				B26725EE0C5E3FD100D7FD74 /* IOKit.framework in Frameworks */,
				B2E6C87A0C9AE9BB0018A29E /* CoreFoundation.framework in Frameworks */,
				B2B6BE9C19C45A66005B7174 /* QTKit.framework in Frameworks */,
				B2B6BEA919C45AB1005B7174 /* QuartzCore.framework in Frameworks */,
				B29F24C819E0113400C8428D /* QuickTime.framework in Frameworks */,
				B265CDE61C8D8C5000048220 /* libusb.a in Frameworks */,
			);
			runOnlyForDeploymentPostprocessing = 0;
		};
/* End PBXFrameworksBuildPhase section */

/* Begin PBXGroup section */
		080E96DDFE201D6D7F000001 /* Classes */ = {
			isa = PBXGroup;
			children = (
				B265CD611C8D86F200048220 /* BlobMatrix.cpp */,
				B265CD621C8D86F200048220 /* BlobMatrix.h */,
				B265CD631C8D86F200048220 /* BlobObject.cpp */,
				B265CD641C8D86F200048220 /* BlobObject.h */,
				B265CD651C8D86F200048220 /* Main.h */,
				B214E66E0959DA6F00A347C1 /* Main.cpp */,
				B2208519078AFC3D0047913B /* FiducialFinder.cpp */,
				B220851A078AFC3D0047913B /* FiducialFinder.h */,
				B2E6096D08EAE57D00136A11 /* FiducialObject.h */,
				B214E6660959DA6F00A347C1 /* FidtrackFinder.cpp */,
				B214E6670959DA6F00A347C1 /* FidtrackFinder.h */,
				B214E66C0959DA6F00A347C1 /* FrameThresholder.cpp */,
				B214E66D0959DA6F00A347C1 /* FrameThresholder.h */,
				B2505B710ACC635B007C21BB /* CalibrationEngine.cpp */,
				B2505B720ACC635B007C21BB /* CalibrationEngine.h */,
				B2884A770A2CF0E800AFF79A /* CalibrationGrid.cpp */,
				B2884A780A2CF0E800AFF79A /* CalibrationGrid.h */,
				B265CD081C8D866E00048220 /* tuio */,
				B24EA4470015EA6F00096D13 /* tinyxml */,
				B228811F073C2F33007CEA9B /* libfidtrack */,
				B2F486A407788A9A00370074 /* portvideo */,
				B2288120073C2F45007CEA9B /* oscpack */,
			);
			name = Classes;
			sourceTree = "<group>";
		};
		1058C7A0FEA54F0111CA2CBB /* Linked Frameworks */ = {
			isa = PBXGroup;
			children = (
				B265CDE51C8D8C5000048220 /* libusb.a */,
				B2CA60030CD623FA00B46958 /* libdc1394.a */,
				B26E016B19C9AD5F00F0CBCB /* SDL2.framework */,
				B2E6C8790C9AE9BB0018A29E /* CoreFoundation.framework */,
				B26725ED0C5E3FD100D7FD74 /* IOKit.framework */,
				B24EA4F20015EB5000096D13 /* Cocoa.framework */,
				B2E9BB3F09D0D2E0005DF348 /* CoreAudio.framework */,
				B2E9BB3A09D0D2C1005DF348 /* CoreMIDI.framework */,
				B2B6BE9B19C45A66005B7174 /* QTKit.framework */,
				B2B6BEA819C45AB1005B7174 /* QuartzCore.framework */,
				B29F24C719E0113400C8428D /* QuickTime.framework */,
			);
			name = "Linked Frameworks";
			sourceTree = "<group>";
		};
		19C28FACFE9D520D11CA2CBB /* Products */ = {
			isa = PBXGroup;
			children = (
				B297D3ED097536E3004AB0FE /* reacTIVision.app */,
			);
			name = Products;
			sourceTree = "<group>";
		};
		29B97314FDCFA39411CA2CEA /* reacTIVision */ = {
			isa = PBXGroup;
			children = (
				080E96DDFE201D6D7F000001 /* Classes */,
				29B97317FDCFA39411CA2CEA /* Resources */,
				29B97323FDCFA39411CA2CEA /* Frameworks */,
				19C28FACFE9D520D11CA2CBB /* Products */,
				B297D3EC097536E3004AB0FE /* Info.plist */,
			);
			name = reacTIVision;
			sourceTree = "<group>";
		};
		29B97317FDCFA39411CA2CEA /* Resources */ = {
			isa = PBXGroup;
			children = (
				B2CAC0B119CC3E94003AC356 /* reacTIVision.png */,
				B2AEE8EB0DE5D15C00D51856 /* reacTIVision.xml */,
				B282A34C0CD756B500657CDA /* camera.xml */,
				B260492208E9BF4B0095D4C8 /* reacTIVision.icns */,
				089C165CFE840E0CC02AAC07 /* InfoPlist.strings */,
			);
			name = Resources;
			sourceTree = "<group>";
		};
		29B97323FDCFA39411CA2CEA /* Frameworks */ = {
			isa = PBXGroup;
			children = (
				1058C7A0FEA54F0111CA2CBB /* Linked Frameworks */,
			);
			name = Frameworks;
			sourceTree = "<group>";
		};
		B228811F073C2F33007CEA9B /* libfidtrack */ = {
			isa = PBXGroup;
			children = (
				B2F3467B095B506D00D300A5 /* default_trees.h */,
				B260492408E9BF610095D4C8 /* dump_graph.c */,
				B260492508E9BF610095D4C8 /* dump_graph.h */,
				B260492808E9BF610095D4C8 /* fidtrackX.c */,
				B260492908E9BF610095D4C8 /* fidtrackX.h */,
				B260492A08E9BF620095D4C8 /* floatpoint.h */,
				B260492B08E9BF620095D4C8 /* segment.c */,
				B260492C08E9BF620095D4C8 /* segment.h */,
				B260492F08E9BF620095D4C8 /* tiled_bernsen_threshold.c */,
				B260493008E9BF620095D4C8 /* tiled_bernsen_threshold.h */,
				B260493108E9BF620095D4C8 /* topologysearch.c */,
				B260493208E9BF620095D4C8 /* topologysearch.h */,
				B260493308E9BF620095D4C8 /* treeidmap.cpp */,
				B260493408E9BF620095D4C8 /* treeidmap.h */,
			);
			name = libfidtrack;
			sourceTree = "<group>";
		};
		B2288120073C2F45007CEA9B /* oscpack */ = {
			isa = PBXGroup;
			children = (
				B260495608E9BFC00095D4C8 /* MessageMappingOscPacketListener.h */,
				B260495808E9BFC00095D4C8 /* OscException.h */,
				B260495908E9BFC00095D4C8 /* OscHostEndianness.h */,
				B260495A08E9BFC00095D4C8 /* OscOutboundPacketStream.cpp */,
				B260495B08E9BFC00095D4C8 /* OscOutboundPacketStream.h */,
				B260495C08E9BFC00095D4C8 /* OscPacketListener.h */,
				B260495D08E9BFC00095D4C8 /* OscPrintReceivedElements.cpp */,
				B260495E08E9BFC00095D4C8 /* OscPrintReceivedElements.h */,
				B260495F08E9BFC00095D4C8 /* OscReceivedElements.cpp */,
				B260496008E9BFC00095D4C8 /* OscReceivedElements.h */,
				B260496508E9BFC00095D4C8 /* OscTypes.cpp */,
				B260496608E9BFC00095D4C8 /* OscTypes.h */,
				B260495208E9BFA80095D4C8 /* NetworkingUtils.cpp */,
				B260495308E9BFA80095D4C8 /* UdpSocket.cpp */,
				B260494E08E9BF900095D4C8 /* TimerListener.h */,
				B260494F08E9BF900095D4C8 /* UdpSocket.h */,
				B260494608E9BF7E0095D4C8 /* IpEndpointName.cpp */,
				B260494708E9BF7E0095D4C8 /* IpEndpointName.h */,
				B260494808E9BF7E0095D4C8 /* NetworkingUtils.h */,
				B260494908E9BF7E0095D4C8 /* PacketListener.h */,
			);
			name = oscpack;
			sourceTree = "<group>";
		};
		B24EA4470015EA6F00096D13 /* tinyxml */ = {
			isa = PBXGroup;
			children = (
				B265CD381C8D869000048220 /* tinyxml2.cpp */,
				B265CD391C8D869000048220 /* tinyxml2.h */,
			);
			name = tinyxml;
			sourceTree = "<group>";
		};
		B265CD081C8D866E00048220 /* tuio */ = {
			isa = PBXGroup;
			children = (
				B265CD091C8D866E00048220 /* FlashSender.cpp */,
				B265CD0A1C8D866E00048220 /* FlashSender.h */,
				B265CD0B1C8D866E00048220 /* LibExport.h */,
				B265CD0C1C8D866E00048220 /* OneEuroFilter.cpp */,
				B265CD0D1C8D866E00048220 /* OneEuroFilter.h */,
				B265CD0F1C8D866E00048220 /* OscSender.h */,
				B265CD101C8D866E00048220 /* TcpSender.cpp */,
				B265CD111C8D866E00048220 /* TcpSender.h */,
				B265CD121C8D866E00048220 /* TuioBlob.cpp */,
				B265CD131C8D866E00048220 /* TuioBlob.h */,
				B265CD141C8D866E00048220 /* TuioContainer.cpp */,
				B265CD151C8D866E00048220 /* TuioContainer.h */,
				B265CD161C8D866E00048220 /* TuioCursor.cpp */,
				B265CD171C8D866E00048220 /* TuioCursor.h */,
				B265CD181C8D866E00048220 /* TuioDispatcher.cpp */,
				B265CD191C8D866E00048220 /* TuioDispatcher.h */,
				B265CD1A1C8D866E00048220 /* TuioListener.h */,
				B265CD1B1C8D866E00048220 /* TuioManager.cpp */,
				B265CD1C1C8D866E00048220 /* TuioManager.h */,
				B265CD1D1C8D866E00048220 /* TuioObject.cpp */,
				B265CD1E1C8D866E00048220 /* TuioObject.h */,
				B265CD1F1C8D866E00048220 /* TuioPoint.cpp */,
				B265CD201C8D866E00048220 /* TuioPoint.h */,
				B265CD211C8D866E00048220 /* TuioServer.cpp */,
				B265CD221C8D866E00048220 /* TuioServer.h */,
				B265CD231C8D866E00048220 /* TuioTime.cpp */,
				B265CD241C8D866E00048220 /* TuioTime.h */,
				B265CD251C8D866E00048220 /* UdpSender.cpp */,
				B265CD261C8D866E00048220 /* UdpSender.h */,
				B265CD271C8D866E00048220 /* WebSockSender.cpp */,
				B265CD281C8D866E00048220 /* WebSockSender.h */,
			);
			name = tuio;
			path = ../ext/tuio;
			sourceTree = SOURCE_ROOT;
		};
		B265CD701C8D874900048220 /* ps3eye */ = {
			isa = PBXGroup;
			children = (
				B265CD711C8D874900048220 /* libusb.h */,
				B265CD721C8D874900048220 /* ps3eye.cpp */,
				B265CD731C8D874900048220 /* ps3eye.h */,
			);
			name = ps3eye;
			path = ../ext/portvideo/macosx/ps3eye;
			sourceTree = SOURCE_ROOT;
		};
		B2F486A407788A9A00370074 /* portvideo */ = {
			isa = PBXGroup;
			children = (
				B265CD701C8D874900048220 /* ps3eye */,
				B265CD5E1C8D86DC00048220 /* DC1394Camera.cpp */,
				B265CD5F1C8D86DC00048220 /* DC1394Camera.h */,
				B265CD581C8D86CE00048220 /* PS3EyeCamera.cpp */,
				B265CD591C8D86CE00048220 /* PS3EyeCamera.h */,
				B265CD5A1C8D86CE00048220 /* QTKitCamera.h */,
				B265CD5B1C8D86CE00048220 /* QTKitCamera.mm */,
				B265CD521C8D86B700048220 /* Resources.c */,
				B265CD531C8D86B700048220 /* Resources.h */,
				B265CD541C8D86B700048220 /* SDLinterface.cpp */,
				B265CD551C8D86B700048220 /* SDLinterface.h */,
				B265CD3B1C8D86A500048220 /* CameraEngine.cpp */,
				B265CD3C1C8D86A500048220 /* CameraEngine.h */,
				B265CD3D1C8D86A500048220 /* CameraTool.cpp */,
				B265CD3E1C8D86A500048220 /* CameraTool.h */,
				B265CD3F1C8D86A500048220 /* ConsoleInterface.cpp */,
				B265CD401C8D86A500048220 /* ConsoleInterface.h */,
				B265CD411C8D86A500048220 /* FileCamera.cpp */,
				B265CD421C8D86A500048220 /* FileCamera.h */,
				B265CD431C8D86A500048220 /* FolderCamera.cpp */,
				B265CD441C8D86A500048220 /* FolderCamera.h */,
				B265CD451C8D86A500048220 /* FrameProcessor.h */,
				B265CD461C8D86A500048220 /* RingBuffer.cpp */,
				B265CD471C8D86A500048220 /* RingBuffer.h */,
				B265CD481C8D86A500048220 /* UserInterface.h */,
				B265CD491C8D86A500048220 /* VisionEngine.cpp */,
				B265CD4A1C8D86A500048220 /* VisionEngine.h */,
			);
			name = portvideo;
			sourceTree = "<group>";
		};
/* End PBXGroup section */

/* Begin PBXNativeTarget section */
		B297D37B097536E2004AB0FE /* reacTIVision */ = {
			isa = PBXNativeTarget;
			buildConfigurationList = B297D3E8097536E2004AB0FE /* Build configuration list for PBXNativeTarget "reacTIVision" */;
			buildPhases = (
				B297D3B6097536E2004AB0FE /* Resources */,
				B297D3B9097536E2004AB0FE /* Sources */,
				B297D3E3097536E2004AB0FE /* Frameworks */,
				B2E7620A0DD39B19008A46C0 /* Copy Frameworks Into .app Bundle */,
			);
			buildRules = (
			);
			dependencies = (
			);
			name = reacTIVision;
			productName = reacTIVision;
			productReference = B297D3ED097536E3004AB0FE /* reacTIVision.app */;
			productType = "com.apple.product-type.application";
		};
/* End PBXNativeTarget section */

/* Begin PBXProject section */
		29B97313FDCFA39411CA2CEA /* Project object */ = {
			isa = PBXProject;
			attributes = {
				BuildIndependentTargetsInParallel = NO;
				LastUpgradeCheck = 0600;
			};
			buildConfigurationList = B2BCA3A30859B28700B9378C /* Build configuration list for PBXProject "legacy" */;
			compatibilityVersion = "Xcode 3.2";
			developmentRegion = English;
			hasScannedForEncodings = 0;
			knownRegions = (
				English,
				Japanese,
				French,
				German,
			);
			mainGroup = 29B97314FDCFA39411CA2CEA /* reacTIVision */;
			projectDirPath = "";
			projectRoot = "";
			targets = (
				B297D37B097536E2004AB0FE /* reacTIVision */,
			);
		};
/* End PBXProject section */

/* Begin PBXResourcesBuildPhase section */
		B297D3B6097536E2004AB0FE /* Resources */ = {
			isa = PBXResourcesBuildPhase;
			buildActionMask = 2147483647;
			files = (
				B297D3B7097536E2004AB0FE /* InfoPlist.strings in Resources */,
				B2CAC0B219CC3E94003AC356 /* reacTIVision.png in Resources */,
				B297D3B8097536E2004AB0FE /* reacTIVision.icns in Resources */,
				B282A34D0CD756B500657CDA /* camera.xml in Resources */,
				B2AEE8EC0DE5D15C00D51856 /* reacTIVision.xml in Resources */,
			);
			runOnlyForDeploymentPostprocessing = 0;
		};
/* End PBXResourcesBuildPhase section */

/* Begin PBXSourcesBuildPhase section */
		B297D3B9097536E2004AB0FE /* Sources */ = {
			isa = PBXSourcesBuildPhase;
			buildActionMask = 2147483647;
			files = (
				B297D3BF097536E2004AB0FE /* FiducialFinder.cpp in Sources */,
				B297D3C4097536E2004AB0FE /* dump_graph.c in Sources */,
				B297D3C6097536E2004AB0FE /* fidtrackX.c in Sources */,
				B297D3C7097536E2004AB0FE /* segment.c in Sources */,
				B297D3C9097536E2004AB0FE /* tiled_bernsen_threshold.c in Sources */,
				B297D3CA097536E2004AB0FE /* topologysearch.c in Sources */,
				B297D3CB097536E2004AB0FE /* treeidmap.cpp in Sources */,
				B297D3CC097536E2004AB0FE /* IpEndpointName.cpp in Sources */,
				B297D3CD097536E2004AB0FE /* NetworkingUtils.cpp in Sources */,
				B297D3CE097536E2004AB0FE /* UdpSocket.cpp in Sources */,
				B297D3CF097536E2004AB0FE /* OscOutboundPacketStream.cpp in Sources */,
				B297D3D0097536E2004AB0FE /* OscPrintReceivedElements.cpp in Sources */,
				B297D3D1097536E2004AB0FE /* OscReceivedElements.cpp in Sources */,
				B297D3D2097536E2004AB0FE /* OscTypes.cpp in Sources */,
				B297D3DE097536E2004AB0FE /* FidtrackFinder.cpp in Sources */,
				B297D3E1097536E2004AB0FE /* FrameThresholder.cpp in Sources */,
				B297D3E2097536E2004AB0FE /* Main.cpp in Sources */,
				B2884A790A2CF0E800AFF79A /* CalibrationGrid.cpp in Sources */,
				B2505B730ACC635B007C21BB /* CalibrationEngine.cpp in Sources */,
				B265CD291C8D866E00048220 /* FlashSender.cpp in Sources */,
				B265CD2A1C8D866E00048220 /* OneEuroFilter.cpp in Sources */,
				B265CD2C1C8D866E00048220 /* TcpSender.cpp in Sources */,
				B265CD2D1C8D866E00048220 /* TuioBlob.cpp in Sources */,
				B265CD2E1C8D866E00048220 /* TuioContainer.cpp in Sources */,
				B265CD2F1C8D866E00048220 /* TuioCursor.cpp in Sources */,
				B265CD301C8D866E00048220 /* TuioDispatcher.cpp in Sources */,
				B265CD311C8D866E00048220 /* TuioManager.cpp in Sources */,
				B265CD321C8D866E00048220 /* TuioObject.cpp in Sources */,
				B265CD331C8D866E00048220 /* TuioPoint.cpp in Sources */,
				B265CD341C8D866E00048220 /* TuioServer.cpp in Sources */,
				B265CD351C8D866E00048220 /* TuioTime.cpp in Sources */,
				B265CD361C8D866E00048220 /* UdpSender.cpp in Sources */,
				B265CD371C8D866E00048220 /* WebSockSender.cpp in Sources */,
				B265CD3A1C8D869000048220 /* tinyxml2.cpp in Sources */,
				B265CD4B1C8D86A500048220 /* CameraEngine.cpp in Sources */,
				B265CD4C1C8D86A500048220 /* CameraTool.cpp in Sources */,
				B265CD4D1C8D86A500048220 /* ConsoleInterface.cpp in Sources */,
				B265CD4E1C8D86A500048220 /* FileCamera.cpp in Sources */,
				B265CD4F1C8D86A500048220 /* FolderCamera.cpp in Sources */,
				B265CD501C8D86A500048220 /* RingBuffer.cpp in Sources */,
				B265CD511C8D86A500048220 /* VisionEngine.cpp in Sources */,
				B265CD561C8D86B700048220 /* Resources.c in Sources */,
				B265CD571C8D86B700048220 /* SDLinterface.cpp in Sources */,
				B265CD5C1C8D86CE00048220 /* PS3EyeCamera.cpp in Sources */,
				B265CD5D1C8D86CE00048220 /* QTKitCamera.mm in Sources */,
				B265CD601C8D86DC00048220 /* DC1394Camera.cpp in Sources */,
				B265CD661C8D86F200048220 /* BlobMatrix.cpp in Sources */,
				B265CD671C8D86F200048220 /* BlobObject.cpp in Sources */,
				B265CD741C8D874900048220 /* ps3eye.cpp in Sources */,
			);
			runOnlyForDeploymentPostprocessing = 0;
		};
/* End PBXSourcesBuildPhase section */

/* Begin PBXVariantGroup section */
		089C165CFE840E0CC02AAC07 /* InfoPlist.strings */ = {
			isa = PBXVariantGroup;
			children = (
				089C165DFE840E0CC02AAC07 /* English */,
			);
			name = InfoPlist.strings;
			sourceTree = "<group>";
		};
/* End PBXVariantGroup section */

/* Begin XCBuildConfiguration section */
		B297D3E9097536E2004AB0FE /* Development */ = {
			isa = XCBuildConfiguration;
			buildSettings = {
				ARCHS = "$(ARCHS_STANDARD_32_BIT)";
				COPY_PHASE_STRIP = NO;
				DEAD_CODE_STRIPPING = NO;
				DEBUG_INFORMATION_FORMAT = stabs;
				FRAMEWORK_SEARCH_PATHS = (
					/Library/Frameworks,
					"$(LOCAL_LIBRARY_DIR)/Frameworks",
				);
				GCC_C_LANGUAGE_STANDARD = "compiler-default";
				GCC_DYNAMIC_NO_PIC = NO;
				GCC_ENABLE_FIX_AND_CONTINUE = YES;
				GCC_GENERATE_DEBUGGING_SYMBOLS = YES;
				GCC_INLINES_ARE_PRIVATE_EXTERN = NO;
				GCC_OPTIMIZATION_LEVEL = 3;
				GCC_PREPROCESSOR_DEFINITIONS = "";
				GCC_STRICT_ALIASING = YES;
				GCC_UNROLL_LOOPS = YES;
				GCC_VERSION = "";
				HEADER_SEARCH_PATHS = (
					../macosx,
					../ext/libfidtrack,
					../ext/oscpack,
					../ext/portvideo/tinyxml,
					../common,
					../ext/portvideo/macosx,
				);
				INFOPLIST_FILE = Info.plist;
				LIBRARY_SEARCH_PATHS = (
					../ext/portvideo/macosx/dc1394,
					"\"$(SRCROOT)/../ext/portvideo/macosx/dc1394\"",
				);
				MACOSX_DEPLOYMENT_TARGET = 10.5;
				ONLY_ACTIVE_ARCH = NO;
				OTHER_CFLAGS = "";
				OTHER_LDFLAGS = "";
				PRODUCT_NAME = reacTIVision;
				SDKROOT = macosx;
				SECTORDER_FLAGS = "";
				STRIP_INSTALLED_PRODUCT = NO;
				WARNING_CFLAGS = (
					"-Wmost",
					"-Wno-four-char-constants",
					"-Wno-unknown-pragmas",
				);
				WRAPPER_EXTENSION = app;
			};
			name = Development;
		};
		B297D3EA097536E2004AB0FE /* Deployment */ = {
			isa = XCBuildConfiguration;
			buildSettings = {
				ARCHS = "$(ARCHS_STANDARD_32_BIT)";
				COPY_PHASE_STRIP = YES;
				FRAMEWORK_SEARCH_PATHS = (
					/Library/Frameworks,
					"$(LOCAL_LIBRARY_DIR)/Frameworks",
				);
				GCC_C_LANGUAGE_STANDARD = "compiler-default";
				GCC_ENABLE_FIX_AND_CONTINUE = NO;
				GCC_GENERATE_DEBUGGING_SYMBOLS = NO;
				GCC_OPTIMIZATION_LEVEL = 3;
				GCC_PREPROCESSOR_DEFINITIONS = "";
				GCC_STRICT_ALIASING = YES;
				GCC_VERSION = "";
				HEADER_SEARCH_PATHS = (
					../macosx,
					../ext/libfidtrack,
					../ext/oscpack,
					../ext/portvideo/tinyxml,
					../common,
					../ext/portvideo/macosx,
				);
				INFOPLIST_FILE = Info.plist;
				LIBRARY_SEARCH_PATHS = (
					../ext/portvideo/macosx/dc1394,
					"\"$(SRCROOT)/../ext/portvideo/macosx/dc1394\"",
				);
				MACOSX_DEPLOYMENT_TARGET = 10.5;
				ONLY_ACTIVE_ARCH = NO;
				OTHER_CFLAGS = "-DNDEBUG";
				OTHER_CPLUSPLUSFLAGS = "$(OTHER_CFLAGS)";
				OTHER_LDFLAGS = "";
				PRODUCT_NAME = reacTIVision;
				SDKROOT = macosx;
				SECTORDER_FLAGS = "";
				STRIP_INSTALLED_PRODUCT = YES;
				WARNING_CFLAGS = (
					"-Wmost",
					"-Wno-four-char-constants",
					"-Wno-unknown-pragmas",
				);
				WRAPPER_EXTENSION = app;
			};
			name = Deployment;
		};
		B297D3EB097536E2004AB0FE /* Default */ = {
			isa = XCBuildConfiguration;
			buildSettings = {
				ARCHS = "$(ARCHS_STANDARD_32_BIT)";
				FRAMEWORK_SEARCH_PATHS = (
					/Library/Frameworks,
					"$(LOCAL_LIBRARY_DIR)/Frameworks",
				);
				GCC_C_LANGUAGE_STANDARD = "compiler-default";
				GCC_GENERATE_DEBUGGING_SYMBOLS = NO;
				GCC_OPTIMIZATION_LEVEL = 3;
				GCC_PREPROCESSOR_DEFINITIONS = "";
				GCC_VERSION = "";
				HEADER_SEARCH_PATHS = (
					../macosx,
					../ext/libfidtrack,
					../ext/oscpack,
					../ext/portvideo/tinyxml,
					../common,
					../ext/portvideo/macosx,
				);
				INFOPLIST_FILE = Info.plist;
				LIBRARY_SEARCH_PATHS = (
					../ext/portvideo/macosx/dc1394,
					"\"$(SRCROOT)/../ext/portvideo/macosx/dc1394\"",
				);
				MACOSX_DEPLOYMENT_TARGET = 10.5;
				OTHER_CFLAGS = "";
				OTHER_LDFLAGS = "";
				PRODUCT_NAME = reacTIVision;
				SDKROOT = macosx;
				SECTORDER_FLAGS = "";
				STRIP_INSTALLED_PRODUCT = NO;
				WARNING_CFLAGS = (
					"-Wmost",
					"-Wno-four-char-constants",
					"-Wno-unknown-pragmas",
				);
				WRAPPER_EXTENSION = app;
			};
			name = Default;
		};
		B2BCA3A40859B28700B9378C /* Development */ = {
			isa = XCBuildConfiguration;
			buildSettings = {
				ARCHS = "$(ARCHS_STANDARD_32_BIT)";
				COPY_PHASE_STRIP = NO;
				DEAD_CODE_STRIPPING = YES;
				GCC_AUTO_VECTORIZATION = "";
				GCC_CW_ASM_SYNTAX = NO;
				GCC_INPUT_FILETYPE = automatic;
				GCC_MODEL_TUNING = "";
				GCC_OPTIMIZATION_LEVEL = 0;
				GCC_STRICT_ALIASING = YES;
				GCC_UNROLL_LOOPS = YES;
				GCC_VERSION = "";
				HEADER_SEARCH_PATHS = "";
				LIBRARY_SEARCH_PATHS = "";
				MACOSX_DEPLOYMENT_TARGET = 10.5;
				ONLY_ACTIVE_ARCH = NO;
				SDKROOT = macosx;
				STRIP_INSTALLED_PRODUCT = NO;
				STRIP_STYLE = "non-global";
			};
			name = Development;
		};
		B2BCA3A50859B28700B9378C /* Deployment */ = {
			isa = XCBuildConfiguration;
			buildSettings = {
				ARCHS = "$(ARCHS_STANDARD_32_BIT)";
				DEAD_CODE_STRIPPING = YES;
				GCC_AUTO_VECTORIZATION = YES;
				GCC_CW_ASM_SYNTAX = NO;
				GCC_C_LANGUAGE_STANDARD = "compiler-default";
				GCC_ENABLE_SSE3_EXTENSIONS = YES;
				GCC_GENERATE_DEBUGGING_SYMBOLS = NO;
				GCC_INPUT_FILETYPE = automatic;
				GCC_MODEL_TUNING = "";
				GCC_OPTIMIZATION_LEVEL = 3;
				GCC_STRICT_ALIASING = YES;
				GCC_UNROLL_LOOPS = YES;
				GCC_VERSION = "";
				HEADER_SEARCH_PATHS = "";
				LD_RUNPATH_SEARCH_PATHS = "@loader_path/../Frameworks";
				LIBRARY_SEARCH_PATHS = "";
				MACOSX_DEPLOYMENT_TARGET = 10.5;
				ONLY_ACTIVE_ARCH = NO;
				OTHER_CFLAGS = "-DNDEBUG";
				OTHER_LDFLAGS = "";
				SDKROOT = macosx;
				STRIP_STYLE = all;
				USER_HEADER_SEARCH_PATHS = "";
			};
			name = Deployment;
		};
		B2BCA3A60859B28700B9378C /* Default */ = {
			isa = XCBuildConfiguration;
			buildSettings = {
				ARCHS = "$(ARCHS_STANDARD_32_BIT)";
				DEAD_CODE_STRIPPING = YES;
				GCC_AUTO_VECTORIZATION = "";
				GCC_CW_ASM_SYNTAX = NO;
				GCC_INPUT_FILETYPE = automatic;
				GCC_MODEL_TUNING = "";
				GCC_OPTIMIZATION_LEVEL = 3;
				GCC_STRICT_ALIASING = YES;
				GCC_UNROLL_LOOPS = YES;
				GCC_VERSION = "";
				HEADER_SEARCH_PATHS = "";
				LIBRARY_SEARCH_PATHS = "";
				MACOSX_DEPLOYMENT_TARGET = 10.5;
				ONLY_ACTIVE_ARCH = NO;
				SDKROOT = macosx;
				STRIP_STYLE = debugging;
			};
			name = Default;
		};
/* End XCBuildConfiguration section */

/* Begin XCConfigurationList section */
		B297D3E8097536E2004AB0FE /* Build configuration list for PBXNativeTarget "reacTIVision" */ = {
			isa = XCConfigurationList;
			buildConfigurations = (
				B297D3E9097536E2004AB0FE /* Development */,
				B297D3EA097536E2004AB0FE /* Deployment */,
				B297D3EB097536E2004AB0FE /* Default */,
			);
			defaultConfigurationIsVisible = 0;
			defaultConfigurationName = Default;
		};
		B2BCA3A30859B28700B9378C /* Build configuration list for PBXProject "legacy" */ = {
			isa = XCConfigurationList;
			buildConfigurations = (
				B2BCA3A40859B28700B9378C /* Development */,
				B2BCA3A50859B28700B9378C /* Deployment */,
				B2BCA3A60859B28700B9378C /* Default */,
			);
			defaultConfigurationIsVisible = 0;
			defaultConfigurationName = Default;
		};
/* End XCConfigurationList section */
	};
	rootObject = 29B97313FDCFA39411CA2CEA /* Project object */;
}
